// !$*UTF8*$!
{
	archiveVersion = 1;
	classes = {
	};
	objectVersion = 51;
	objects = {

/* Begin PBXBuildFile section */
		56057E68214959BF008946EB /* GenerateThumbnailForURL.m in Sources */ = {isa = PBXBuildFile; fileRef = 56057E67214959BF008946EB /* GenerateThumbnailForURL.m */; };
		56057E6A214959BF008946EB /* GeneratePreviewForURL.m in Sources */ = {isa = PBXBuildFile; fileRef = 56057E69214959BF008946EB /* GeneratePreviewForURL.m */; };
		56057E6C214959BF008946EB /* main.c in Sources */ = {isa = PBXBuildFile; fileRef = 56057E6B214959BF008946EB /* main.c */; };
		56057E7321495F35008946EB /* Shared.h in Headers */ = {isa = PBXBuildFile; fileRef = 56057E7221495F35008946EB /* Shared.h */; };
		5612BAE821414F3C00AA1882 /* Settings.swift in Sources */ = {isa = PBXBuildFile; fileRef = 5612BAE721414F3C00AA1882 /* Settings.swift */; };
		561776F1213AB08D003BF843 /* NSFont+Alternates.swift in Sources */ = {isa = PBXBuildFile; fileRef = 561776F0213AB08D003BF843 /* NSFont+Alternates.swift */; };
		562283DF213D1C4D008F550E /* DocIcon.icns in Resources */ = {isa = PBXBuildFile; fileRef = 562283DE213D1C4D008F550E /* DocIcon.icns */; };
		563C821F214DA32F00B0D41E /* MinimalMIDIQL.qlgenerator in CopyFiles */ = {isa = PBXBuildFile; fileRef = 56057E65214959BF008946EB /* MinimalMIDIQL.qlgenerator */; settings = {ATTRIBUTES = (CodeSignOnCopy, RemoveHeadersOnCopy, ); }; };
		563C822A214DCA6E00B0D41E /* NSFont+LineHeight.h in Headers */ = {isa = PBXBuildFile; fileRef = 563C8229214DCA6E00B0D41E /* NSFont+LineHeight.h */; };
		563C822C214DCA8900B0D41E /* NSFont+LineHeight.m in Sources */ = {isa = PBXBuildFile; fileRef = 563C822B214DCA8900B0D41E /* NSFont+LineHeight.m */; };
		563D9FC21FF46E95008DE194 /* MediaPlayer.framework in Frameworks */ = {isa = PBXBuildFile; fileRef = 563D9FC11FF46E95008DE194 /* MediaPlayer.framework */; };
		565642B8214D9E8E0036D76C /* AlbumArtQuickLookBigger.png in Resources */ = {isa = PBXBuildFile; fileRef = 565642B7214D9E8E0036D76C /* AlbumArtQuickLookBigger.png */; };
		56654136214045C100283C85 /* MIDIDocument.swift in Sources */ = {isa = PBXBuildFile; fileRef = 56654135214045C100283C85 /* MIDIDocument.swift */; };
		5669F2EB21425B400034D3ED /* NowPlayingCentral.swift in Sources */ = {isa = PBXBuildFile; fileRef = 5669F2EA21425B400034D3ED /* NowPlayingCentral.swift */; };
		5669F2ED214294F50034D3ED /* GeneralPreferenceViewController.swift in Sources */ = {isa = PBXBuildFile; fileRef = 5669F2EC214294F50034D3ED /* GeneralPreferenceViewController.swift */; };
		569D77F32004F0010028D9C2 /* PWMIDIPlayer.swift in Sources */ = {isa = PBXBuildFile; fileRef = 569D77F22004F0010028D9C2 /* PWMIDIPlayer.swift */; };
		56A0BD7C21400569006095CE /* DocumentWindowController.swift in Sources */ = {isa = PBXBuildFile; fileRef = 56A0BD7B21400569006095CE /* DocumentWindowController.swift */; };
		56A0BD7E214005A4006095CE /* DocumentViewController.swift in Sources */ = {isa = PBXBuildFile; fileRef = 56A0BD7D214005A4006095CE /* DocumentViewController.swift */; };
		56B0532A223A3D3D000AB382 /* Acknowledgements.rtf in Resources */ = {isa = PBXBuildFile; fileRef = 56B05329223A3D3D000AB382 /* Acknowledgements.rtf */; };
		56B1E12C21EBA619002CEBB3 /* Levenshtein.swift in Sources */ = {isa = PBXBuildFile; fileRef = 56B1E12B21EBA619002CEBB3 /* Levenshtein.swift */; };
		56C2AB89224A388A0093728A /* Preferences.framework in Frameworks */ = {isa = PBXBuildFile; fileRef = 56C2AB88224A388A0093728A /* Preferences.framework */; };
		56C2AB8B224A38AD0093728A /* Preferences.framework in Embed Frameworks */ = {isa = PBXBuildFile; fileRef = 56C2AB88224A388A0093728A /* Preferences.framework */; settings = {ATTRIBUTES = (CodeSignOnCopy, RemoveHeadersOnCopy, ); }; };
		56D6A8D11C3437AA0071DEF4 /* AppDelegate.swift in Sources */ = {isa = PBXBuildFile; fileRef = 56D6A8D01C3437AA0071DEF4 /* AppDelegate.swift */; };
		56D6A8D31C3437AA0071DEF4 /* Assets.xcassets in Resources */ = {isa = PBXBuildFile; fileRef = 56D6A8D21C3437AA0071DEF4 /* Assets.xcassets */; };
		56DAB39A224B63F000FF8847 /* Localizable.strings in Resources */ = {isa = PBXBuildFile; fileRef = 56DAB39C224B63F000FF8847 /* Localizable.strings */; };
		56DAB39E224B71AF00FF8847 /* GeneralPreferenceViewController.xib in Resources */ = {isa = PBXBuildFile; fileRef = 56DAB3A0224B71AF00FF8847 /* GeneralPreferenceViewController.xib */; };
		56DAB3A3224B71BF00FF8847 /* Main.storyboard in Resources */ = {isa = PBXBuildFile; fileRef = 56DAB3A5224B71BF00FF8847 /* Main.storyboard */; };
		56FEF1572141181B00813975 /* AboutViewController.swift in Sources */ = {isa = PBXBuildFile; fileRef = 56FEF1562141181B00813975 /* AboutViewController.swift */; };
		56FEF15D214119FD00813975 /* HyperlinkTextField.m in Sources */ = {isa = PBXBuildFile; fileRef = 56FEF15B214119FD00813975 /* HyperlinkTextField.m */; };
		56FEF16621411AC000813975 /* Extensions.swift in Sources */ = {isa = PBXBuildFile; fileRef = 56FEF16521411AC000813975 /* Extensions.swift */; };
/* End PBXBuildFile section */

/* Begin PBXCopyFilesBuildPhase section */
		565642B5214D9CF90036D76C /* CopyFiles */ = {
			isa = PBXCopyFilesBuildPhase;
			buildActionMask = 2147483647;
			dstPath = ../Library/QuickLook;
			dstSubfolderSpec = 13;
			files = (
				563C821F214DA32F00B0D41E /* MinimalMIDIQL.qlgenerator in CopyFiles */,
			);
			runOnlyForDeploymentPostprocessing = 0;
		};
		56ED8E75223690CB00381929 /* Embed Frameworks */ = {
			isa = PBXCopyFilesBuildPhase;
			buildActionMask = 2147483647;
			dstPath = "";
			dstSubfolderSpec = 10;
			files = (
				56C2AB8B224A38AD0093728A /* Preferences.framework in Embed Frameworks */,
			);
			name = "Embed Frameworks";
			runOnlyForDeploymentPostprocessing = 0;
		};
		56ED8E76223690E100381929 /* CopyFiles */ = {
			isa = PBXCopyFilesBuildPhase;
			buildActionMask = 2147483647;
			dstPath = "";
			dstSubfolderSpec = 16;
			files = (
			);
			runOnlyForDeploymentPostprocessing = 0;
		};
/* End PBXCopyFilesBuildPhase section */

/* Begin PBXFileReference section */
		56057E3B214958BF008946EB /* Quartz.framework */ = {isa = PBXFileReference; lastKnownFileType = wrapper.framework; name = Quartz.framework; path = System/Library/Frameworks/Quartz.framework; sourceTree = SDKROOT; };
		56057E65214959BF008946EB /* MinimalMIDIQL.qlgenerator */ = {isa = PBXFileReference; explicitFileType = wrapper.cfbundle; includeInIndex = 0; path = MinimalMIDIQL.qlgenerator; sourceTree = BUILT_PRODUCTS_DIR; };
		56057E67214959BF008946EB /* GenerateThumbnailForURL.m */ = {isa = PBXFileReference; lastKnownFileType = sourcecode.c.objc; path = GenerateThumbnailForURL.m; sourceTree = "<group>"; };
		56057E69214959BF008946EB /* GeneratePreviewForURL.m */ = {isa = PBXFileReference; lastKnownFileType = sourcecode.c.objc; path = GeneratePreviewForURL.m; sourceTree = "<group>"; };
		56057E6B214959BF008946EB /* main.c */ = {isa = PBXFileReference; lastKnownFileType = sourcecode.c.c; path = main.c; sourceTree = "<group>"; };
		56057E6D214959BF008946EB /* Info.plist */ = {isa = PBXFileReference; lastKnownFileType = text.plist.xml; path = Info.plist; sourceTree = "<group>"; };
		56057E7221495F35008946EB /* Shared.h */ = {isa = PBXFileReference; lastKnownFileType = sourcecode.c.h; path = Shared.h; sourceTree = "<group>"; };
		5612BAE721414F3C00AA1882 /* Settings.swift */ = {isa = PBXFileReference; lastKnownFileType = sourcecode.swift; path = Settings.swift; sourceTree = "<group>"; };
		561776F0213AB08D003BF843 /* NSFont+Alternates.swift */ = {isa = PBXFileReference; lastKnownFileType = sourcecode.swift; path = "NSFont+Alternates.swift"; sourceTree = "<group>"; };
		562283DE213D1C4D008F550E /* DocIcon.icns */ = {isa = PBXFileReference; lastKnownFileType = image.icns; path = DocIcon.icns; sourceTree = "<group>"; };
		563C8229214DCA6E00B0D41E /* NSFont+LineHeight.h */ = {isa = PBXFileReference; lastKnownFileType = sourcecode.c.h; path = "NSFont+LineHeight.h"; sourceTree = "<group>"; };
		563C822B214DCA8900B0D41E /* NSFont+LineHeight.m */ = {isa = PBXFileReference; lastKnownFileType = sourcecode.c.objc; path = "NSFont+LineHeight.m"; sourceTree = "<group>"; };
		563D9FC11FF46E95008DE194 /* MediaPlayer.framework */ = {isa = PBXFileReference; lastKnownFileType = wrapper.framework; name = MediaPlayer.framework; path = System/Library/Frameworks/MediaPlayer.framework; sourceTree = SDKROOT; };
		565642B7214D9E8E0036D76C /* AlbumArtQuickLookBigger.png */ = {isa = PBXFileReference; lastKnownFileType = image.png; path = AlbumArtQuickLookBigger.png; sourceTree = "<group>"; };
		56654135214045C100283C85 /* MIDIDocument.swift */ = {isa = PBXFileReference; lastKnownFileType = sourcecode.swift; path = MIDIDocument.swift; sourceTree = "<group>"; };
		5669F2EA21425B400034D3ED /* NowPlayingCentral.swift */ = {isa = PBXFileReference; lastKnownFileType = sourcecode.swift; path = NowPlayingCentral.swift; sourceTree = "<group>"; };
		5669F2EC214294F50034D3ED /* GeneralPreferenceViewController.swift */ = {isa = PBXFileReference; lastKnownFileType = sourcecode.swift; path = GeneralPreferenceViewController.swift; sourceTree = "<group>"; };
		569D77F22004F0010028D9C2 /* PWMIDIPlayer.swift */ = {isa = PBXFileReference; lastKnownFileType = sourcecode.swift; path = PWMIDIPlayer.swift; sourceTree = "<group>"; };
		56A0BD7B21400569006095CE /* DocumentWindowController.swift */ = {isa = PBXFileReference; lastKnownFileType = sourcecode.swift; path = DocumentWindowController.swift; sourceTree = "<group>"; };
		56A0BD7D214005A4006095CE /* DocumentViewController.swift */ = {isa = PBXFileReference; lastKnownFileType = sourcecode.swift; path = DocumentViewController.swift; sourceTree = "<group>"; };
		56A3A10E21707E7F008ABA6A /* MinimalMIDIPlayer.entitlements */ = {isa = PBXFileReference; lastKnownFileType = text.plist.entitlements; path = MinimalMIDIPlayer.entitlements; sourceTree = "<group>"; };
		56AB757F213FD146009ECFB1 /* AVFoundation.framework */ = {isa = PBXFileReference; lastKnownFileType = wrapper.framework; name = AVFoundation.framework; path = System/Library/Frameworks/AVFoundation.framework; sourceTree = SDKROOT; };
		56B05329223A3D3D000AB382 /* Acknowledgements.rtf */ = {isa = PBXFileReference; fileEncoding = 4; lastKnownFileType = text.rtf; path = Acknowledgements.rtf; sourceTree = "<group>"; };
		56B1E12B21EBA619002CEBB3 /* Levenshtein.swift */ = {isa = PBXFileReference; lastKnownFileType = sourcecode.swift; path = Levenshtein.swift; sourceTree = "<group>"; };
		56C2AB86224A33EF0093728A /* Info.plist */ = {isa = PBXFileReference; fileEncoding = 4; lastKnownFileType = text.plist.xml; path = Info.plist; sourceTree = "<group>"; };
		56C2AB88224A388A0093728A /* Preferences.framework */ = {isa = PBXFileReference; lastKnownFileType = wrapper.framework; name = Preferences.framework; path = Carthage/Build/Mac/Preferences.framework; sourceTree = "<group>"; };
		56D6A8CD1C3437AA0071DEF4 /* MinimalMIDIPlayer.app */ = {isa = PBXFileReference; explicitFileType = wrapper.application; includeInIndex = 0; path = MinimalMIDIPlayer.app; sourceTree = BUILT_PRODUCTS_DIR; };
		56D6A8D01C3437AA0071DEF4 /* AppDelegate.swift */ = {isa = PBXFileReference; lastKnownFileType = sourcecode.swift; path = AppDelegate.swift; sourceTree = "<group>"; };
		56D6A8D21C3437AA0071DEF4 /* Assets.xcassets */ = {isa = PBXFileReference; lastKnownFileType = folder.assetcatalog; path = Assets.xcassets; sourceTree = "<group>"; };
		56DAB39B224B63F000FF8847 /* en */ = {isa = PBXFileReference; lastKnownFileType = text.plist.strings; name = en; path = en.lproj/Localizable.strings; sourceTree = "<group>"; };
		56DAB39D224B640B00FF8847 /* de */ = {isa = PBXFileReference; lastKnownFileType = text.plist.strings; name = de; path = de.lproj/Localizable.strings; sourceTree = "<group>"; };
		56DAB39F224B71AF00FF8847 /* Base */ = {isa = PBXFileReference; lastKnownFileType = file.xib; name = Base; path = Base.lproj/GeneralPreferenceViewController.xib; sourceTree = "<group>"; };
		56DAB3A2224B71B500FF8847 /* de */ = {isa = PBXFileReference; lastKnownFileType = text.plist.strings; name = de; path = de.lproj/GeneralPreferenceViewController.strings; sourceTree = "<group>"; };
		56DAB3A4224B71BF00FF8847 /* Base */ = {isa = PBXFileReference; lastKnownFileType = file.storyboard; name = Base; path = Base.lproj/Main.storyboard; sourceTree = "<group>"; };
		56DAB3A7224B71C200FF8847 /* de */ = {isa = PBXFileReference; lastKnownFileType = text.plist.strings; name = de; path = de.lproj/Main.strings; sourceTree = "<group>"; };
		56FEF1562141181B00813975 /* AboutViewController.swift */ = {isa = PBXFileReference; lastKnownFileType = sourcecode.swift; path = AboutViewController.swift; sourceTree = "<group>"; };
		56FEF159214119FC00813975 /* MinimalMIDIPlayer-Bridging-Header.h */ = {isa = PBXFileReference; lastKnownFileType = sourcecode.c.h; path = "MinimalMIDIPlayer-Bridging-Header.h"; sourceTree = "<group>"; };
		56FEF15A214119FD00813975 /* HyperlinkTextField.h */ = {isa = PBXFileReference; fileEncoding = 4; lastKnownFileType = sourcecode.c.h; path = HyperlinkTextField.h; sourceTree = "<group>"; };
		56FEF15B214119FD00813975 /* HyperlinkTextField.m */ = {isa = PBXFileReference; fileEncoding = 4; lastKnownFileType = sourcecode.c.objc; path = HyperlinkTextField.m; sourceTree = "<group>"; };
		56FEF16521411AC000813975 /* Extensions.swift */ = {isa = PBXFileReference; lastKnownFileType = sourcecode.swift; path = Extensions.swift; sourceTree = "<group>"; };
/* End PBXFileReference section */

/* Begin PBXFrameworksBuildPhase section */
		56057E62214959BF008946EB /* Frameworks */ = {
			isa = PBXFrameworksBuildPhase;
			buildActionMask = 2147483647;
			files = (
			);
			runOnlyForDeploymentPostprocessing = 0;
		};
		56D6A8CA1C3437AA0071DEF4 /* Frameworks */ = {
			isa = PBXFrameworksBuildPhase;
			buildActionMask = 2147483647;
			files = (
				56C2AB89224A388A0093728A /* Preferences.framework in Frameworks */,
				563D9FC21FF46E95008DE194 /* MediaPlayer.framework in Frameworks */,
			);
			runOnlyForDeploymentPostprocessing = 0;
		};
/* End PBXFrameworksBuildPhase section */

/* Begin PBXGroup section */
		56057E66214959BF008946EB /* MinimalMIDIQL */ = {
			isa = PBXGroup;
			children = (
				565642B7214D9E8E0036D76C /* AlbumArtQuickLookBigger.png */,
				563C8229214DCA6E00B0D41E /* NSFont+LineHeight.h */,
				563C822B214DCA8900B0D41E /* NSFont+LineHeight.m */,
				56057E7221495F35008946EB /* Shared.h */,
				56057E67214959BF008946EB /* GenerateThumbnailForURL.m */,
				56057E69214959BF008946EB /* GeneratePreviewForURL.m */,
				56057E6B214959BF008946EB /* main.c */,
				56057E6D214959BF008946EB /* Info.plist */,
			);
			path = MinimalMIDIQL;
			sourceTree = "<group>";
		};
		563D9FC01FF46E95008DE194 /* Frameworks */ = {
			isa = PBXGroup;
			children = (
				56C2AB88224A388A0093728A /* Preferences.framework */,
				56AB757F213FD146009ECFB1 /* AVFoundation.framework */,
				563D9FC11FF46E95008DE194 /* MediaPlayer.framework */,
				56057E3B214958BF008946EB /* Quartz.framework */,
			);
			name = Frameworks;
			sourceTree = "<group>";
		};
		569D77EC2004D3850028D9C2 /* Icons */ = {
			isa = PBXGroup;
			children = (
				562283DE213D1C4D008F550E /* DocIcon.icns */,
			);
			path = Icons;
			sourceTree = "<group>";
		};
		56B1E12A21EBA603002CEBB3 /* Helpers */ = {
			isa = PBXGroup;
			children = (
				56B1E12B21EBA619002CEBB3 /* Levenshtein.swift */,
			);
			path = Helpers;
			sourceTree = "<group>";
		};
		56D6A8C41C3437AA0071DEF4 = {
			isa = PBXGroup;
			children = (
				56D6A8CF1C3437AA0071DEF4 /* MinimalMIDIPlayer */,
				56057E66214959BF008946EB /* MinimalMIDIQL */,
				56D6A8CE1C3437AA0071DEF4 /* Products */,
				563D9FC01FF46E95008DE194 /* Frameworks */,
			);
			sourceTree = "<group>";
		};
		56D6A8CE1C3437AA0071DEF4 /* Products */ = {
			isa = PBXGroup;
			children = (
				56D6A8CD1C3437AA0071DEF4 /* MinimalMIDIPlayer.app */,
				56057E65214959BF008946EB /* MinimalMIDIQL.qlgenerator */,
			);
			name = Products;
			sourceTree = "<group>";
		};
		56D6A8CF1C3437AA0071DEF4 /* MinimalMIDIPlayer */ = {
			isa = PBXGroup;
			children = (
				56B05329223A3D3D000AB382 /* Acknowledgements.rtf */,
				56A3A10E21707E7F008ABA6A /* MinimalMIDIPlayer.entitlements */,
				56FEF15E21411A4800813975 /* Extensions */,
				56B1E12A21EBA603002CEBB3 /* Helpers */,
				56FEF158214119D800813975 /* HyperlinkTextField */,
				569D77EC2004D3850028D9C2 /* Icons */,
				56E0D63D2237AD5500780A50 /* Preferences */,
				56D6A8D21C3437AA0071DEF4 /* Assets.xcassets */,
				56DAB3A5224B71BF00FF8847 /* Main.storyboard */,
				56D6A8D01C3437AA0071DEF4 /* AppDelegate.swift */,
				5669F2EA21425B400034D3ED /* NowPlayingCentral.swift */,
				56654135214045C100283C85 /* MIDIDocument.swift */,
				569D77F22004F0010028D9C2 /* PWMIDIPlayer.swift */,
				56A0BD7B21400569006095CE /* DocumentWindowController.swift */,
				56A0BD7D214005A4006095CE /* DocumentViewController.swift */,
				56FEF1562141181B00813975 /* AboutViewController.swift */,
				56C2AB86224A33EF0093728A /* Info.plist */,
				56DAB39C224B63F000FF8847 /* Localizable.strings */,
			);
			path = MinimalMIDIPlayer;
			sourceTree = "<group>";
		};
		56E0D63D2237AD5500780A50 /* Preferences */ = {
			isa = PBXGroup;
			children = (
				5612BAE721414F3C00AA1882 /* Settings.swift */,
				5669F2EC214294F50034D3ED /* GeneralPreferenceViewController.swift */,
				56DAB3A0224B71AF00FF8847 /* GeneralPreferenceViewController.xib */,
			);
			path = Preferences;
			sourceTree = "<group>";
		};
		56FEF158214119D800813975 /* HyperlinkTextField */ = {
			isa = PBXGroup;
			children = (
				56FEF15A214119FD00813975 /* HyperlinkTextField.h */,
				56FEF15B214119FD00813975 /* HyperlinkTextField.m */,
				56FEF159214119FC00813975 /* MinimalMIDIPlayer-Bridging-Header.h */,
			);
			path = HyperlinkTextField;
			sourceTree = "<group>";
		};
		56FEF15E21411A4800813975 /* Extensions */ = {
			isa = PBXGroup;
			children = (
				561776F0213AB08D003BF843 /* NSFont+Alternates.swift */,
				56FEF16521411AC000813975 /* Extensions.swift */,
			);
			path = Extensions;
			sourceTree = "<group>";
		};
/* End PBXGroup section */

/* Begin PBXHeadersBuildPhase section */
		56057E60214959BF008946EB /* Headers */ = {
			isa = PBXHeadersBuildPhase;
			buildActionMask = 2147483647;
			files = (
				56057E7321495F35008946EB /* Shared.h in Headers */,
				563C822A214DCA6E00B0D41E /* NSFont+LineHeight.h in Headers */,
			);
			runOnlyForDeploymentPostprocessing = 0;
		};
/* End PBXHeadersBuildPhase section */

/* Begin PBXNativeTarget section */
		56057E64214959BF008946EB /* MinimalMIDIQL */ = {
			isa = PBXNativeTarget;
			buildConfigurationList = 56057E6E214959BF008946EB /* Build configuration list for PBXNativeTarget "MinimalMIDIQL" */;
			buildPhases = (
				56057E71214959C4008946EB /* Run Script (Auto-increase Build Number) */,
				56057E60214959BF008946EB /* Headers */,
				56057E61214959BF008946EB /* Sources */,
				56057E62214959BF008946EB /* Frameworks */,
				56057E63214959BF008946EB /* Resources */,
			);
			buildRules = (
			);
			dependencies = (
			);
			name = MinimalMIDIQL;
			productName = MinimalMIDIQL;
			productReference = 56057E65214959BF008946EB /* MinimalMIDIQL.qlgenerator */;
			productType = "com.apple.product-type.bundle";
		};
		56D6A8CC1C3437AA0071DEF4 /* MinimalMIDIPlayer */ = {
			isa = PBXNativeTarget;
			buildConfigurationList = 56D6A8DA1C3437AA0071DEF4 /* Build configuration list for PBXNativeTarget "MinimalMIDIPlayer" */;
			buildPhases = (
				56B9E1E02146D4C9007914DB /* Run Script (Auto-increase Build Number) */,
				560EECBE2242461000C36162 /* Run Script (SwiftLint) */,
				56ED8E79223694F100381929 /* Run Script (Carthage: Trigger Warnings for Outdated Dependencies) */,
				56D6A8C91C3437AA0071DEF4 /* Sources */,
				56D6A8CA1C3437AA0071DEF4 /* Frameworks */,
				56D6A8CB1C3437AA0071DEF4 /* Resources */,
				565642B5214D9CF90036D76C /* CopyFiles */,
				56ED8E76223690E100381929 /* CopyFiles */,
				56ED8E75223690CB00381929 /* Embed Frameworks */,
			);
			buildRules = (
			);
			dependencies = (
			);
			name = MinimalMIDIPlayer;
			productName = MinimalMIDIPlayer;
			productReference = 56D6A8CD1C3437AA0071DEF4 /* MinimalMIDIPlayer.app */;
			productType = "com.apple.product-type.application";
		};
/* End PBXNativeTarget section */

/* Begin PBXProject section */
		56D6A8C51C3437AA0071DEF4 /* Project object */ = {
			isa = PBXProject;
			attributes = {
				LastSwiftUpdateCheck = 0720;
				LastUpgradeCheck = 1020;
				ORGANIZATIONNAME = "Peter Wunder";
				TargetAttributes = {
					56057E64214959BF008946EB = {
						CreatedOnToolsVersion = 10.0;
					};
					56D6A8CC1C3437AA0071DEF4 = {
						CreatedOnToolsVersion = 7.2;
						LastSwiftMigration = 1020;
						SystemCapabilities = {
							com.apple.HardenedRuntime = {
								enabled = 1;
							};
							com.apple.Sandbox = {
								enabled = 1;
							};
						};
					};
				};
			};
			buildConfigurationList = 56D6A8C81C3437AA0071DEF4 /* Build configuration list for PBXProject "MinimalMIDIPlayer" */;
			compatibilityVersion = "Xcode 10.0";
			developmentRegion = en;
			hasScannedForEncodings = 0;
			knownRegions = (
				Base,
				en,
				de,
			);
			mainGroup = 56D6A8C41C3437AA0071DEF4;
			productRefGroup = 56D6A8CE1C3437AA0071DEF4 /* Products */;
			projectDirPath = "";
			projectRoot = "";
			targets = (
				56D6A8CC1C3437AA0071DEF4 /* MinimalMIDIPlayer */,
				56057E64214959BF008946EB /* MinimalMIDIQL */,
			);
		};
/* End PBXProject section */

/* Begin PBXResourcesBuildPhase section */
		56057E63214959BF008946EB /* Resources */ = {
			isa = PBXResourcesBuildPhase;
			buildActionMask = 2147483647;
			files = (
				565642B8214D9E8E0036D76C /* AlbumArtQuickLookBigger.png in Resources */,
			);
			runOnlyForDeploymentPostprocessing = 0;
		};
		56D6A8CB1C3437AA0071DEF4 /* Resources */ = {
			isa = PBXResourcesBuildPhase;
			buildActionMask = 2147483647;
			files = (
				56DAB3A3224B71BF00FF8847 /* Main.storyboard in Resources */,
				56DAB39A224B63F000FF8847 /* Localizable.strings in Resources */,
				56D6A8D31C3437AA0071DEF4 /* Assets.xcassets in Resources */,
				56DAB39E224B71AF00FF8847 /* GeneralPreferenceViewController.xib in Resources */,
				56B0532A223A3D3D000AB382 /* Acknowledgements.rtf in Resources */,
				562283DF213D1C4D008F550E /* DocIcon.icns in Resources */,
			);
			runOnlyForDeploymentPostprocessing = 0;
		};
/* End PBXResourcesBuildPhase section */

/* Begin PBXShellScriptBuildPhase section */
		56057E71214959C4008946EB /* Run Script (Auto-increase Build Number) */ = {
			isa = PBXShellScriptBuildPhase;
			buildActionMask = 2147483647;
			files = (
			);
			inputFileListPaths = (
			);
			inputPaths = (
			);
			name = "Run Script (Auto-increase Build Number)";
			outputFileListPaths = (
			);
			outputPaths = (
			);
			runOnlyForDeploymentPostprocessing = 0;
			shellPath = /bin/sh;
			shellScript = "buildNumber=$(/usr/libexec/PlistBuddy -c \"Print CFBundleVersion\" \"${PROJECT_DIR}/${INFOPLIST_FILE}\")\nbuildNumber=$(($buildNumber + 1))\n/usr/libexec/PlistBuddy -c \"Set :CFBundleVersion $buildNumber\" \"${PROJECT_DIR}/${INFOPLIST_FILE}\"\n";
		};
		560EECBE2242461000C36162 /* Run Script (SwiftLint) */ = {
			isa = PBXShellScriptBuildPhase;
			buildActionMask = 2147483647;
			files = (
			);
			inputFileListPaths = (
			);
			inputPaths = (
			);
			name = "Run Script (SwiftLint)";
			outputFileListPaths = (
			);
			outputPaths = (
			);
			runOnlyForDeploymentPostprocessing = 0;
			shellPath = /bin/sh;
			shellScript = "if which swiftlint >/dev/null; then\nswiftlint\nelse\necho \"warning: SwiftLint not installed, download from https://github.com/realm/SwiftLint\"\nfi\n";
		};
		56B9E1E02146D4C9007914DB /* Run Script (Auto-increase Build Number) */ = {
			isa = PBXShellScriptBuildPhase;
			buildActionMask = 2147483647;
			files = (
			);
			inputFileListPaths = (
			);
			inputPaths = (
			);
			name = "Run Script (Auto-increase Build Number)";
			outputFileListPaths = (
			);
			outputPaths = (
			);
			runOnlyForDeploymentPostprocessing = 0;
			shellPath = /bin/sh;
			shellScript = "buildNumber=$(/usr/libexec/PlistBuddy -c \"Print CFBundleVersion\" \"${PROJECT_DIR}/${INFOPLIST_FILE}\")\nbuildNumber=$(($buildNumber + 1))\n/usr/libexec/PlistBuddy -c \"Set :CFBundleVersion $buildNumber\" \"${PROJECT_DIR}/${INFOPLIST_FILE}\"\n";
		};
		56ED8E79223694F100381929 /* Run Script (Carthage: Trigger Warnings for Outdated Dependencies) */ = {
			isa = PBXShellScriptBuildPhase;
			buildActionMask = 2147483647;
			files = (
			);
			inputFileListPaths = (
			);
			inputPaths = (
			);
			name = "Run Script (Carthage: Trigger Warnings for Outdated Dependencies)";
			outputFileListPaths = (
			);
			outputPaths = (
			);
			runOnlyForDeploymentPostprocessing = 0;
			shellPath = /bin/sh;
			shellScript = "# /usr/local/bin/carthage outdated --xcode-warnings \n";
		};
/* End PBXShellScriptBuildPhase section */

/* Begin PBXSourcesBuildPhase section */
		56057E61214959BF008946EB /* Sources */ = {
			isa = PBXSourcesBuildPhase;
			buildActionMask = 2147483647;
			files = (
				56057E68214959BF008946EB /* GenerateThumbnailForURL.m in Sources */,
				56057E6A214959BF008946EB /* GeneratePreviewForURL.m in Sources */,
				56057E6C214959BF008946EB /* main.c in Sources */,
				563C822C214DCA8900B0D41E /* NSFont+LineHeight.m in Sources */,
			);
			runOnlyForDeploymentPostprocessing = 0;
		};
		56D6A8C91C3437AA0071DEF4 /* Sources */ = {
			isa = PBXSourcesBuildPhase;
			buildActionMask = 2147483647;
			files = (
				561776F1213AB08D003BF843 /* NSFont+Alternates.swift in Sources */,
				569D77F32004F0010028D9C2 /* PWMIDIPlayer.swift in Sources */,
				56FEF1572141181B00813975 /* AboutViewController.swift in Sources */,
				56A0BD7E214005A4006095CE /* DocumentViewController.swift in Sources */,
				56A0BD7C21400569006095CE /* DocumentWindowController.swift in Sources */,
				56FEF16621411AC000813975 /* Extensions.swift in Sources */,
				56D6A8D11C3437AA0071DEF4 /* AppDelegate.swift in Sources */,
				56FEF15D214119FD00813975 /* HyperlinkTextField.m in Sources */,
				5612BAE821414F3C00AA1882 /* Settings.swift in Sources */,
				5669F2EB21425B400034D3ED /* NowPlayingCentral.swift in Sources */,
				56654136214045C100283C85 /* MIDIDocument.swift in Sources */,
				56B1E12C21EBA619002CEBB3 /* Levenshtein.swift in Sources */,
				5669F2ED214294F50034D3ED /* GeneralPreferenceViewController.swift in Sources */,
			);
			runOnlyForDeploymentPostprocessing = 0;
		};
/* End PBXSourcesBuildPhase section */

/* Begin PBXVariantGroup section */
		56DAB39C224B63F000FF8847 /* Localizable.strings */ = {
			isa = PBXVariantGroup;
			children = (
				56DAB39B224B63F000FF8847 /* en */,
				56DAB39D224B640B00FF8847 /* de */,
			);
			name = Localizable.strings;
			sourceTree = "<group>";
		};
		56DAB3A0224B71AF00FF8847 /* GeneralPreferenceViewController.xib */ = {
			isa = PBXVariantGroup;
			children = (
				56DAB39F224B71AF00FF8847 /* Base */,
				56DAB3A2224B71B500FF8847 /* de */,
			);
			name = GeneralPreferenceViewController.xib;
			sourceTree = "<group>";
		};
		56DAB3A5224B71BF00FF8847 /* Main.storyboard */ = {
			isa = PBXVariantGroup;
			children = (
				56DAB3A4224B71BF00FF8847 /* Base */,
				56DAB3A7224B71C200FF8847 /* de */,
			);
			name = Main.storyboard;
			sourceTree = "<group>";
		};
/* End PBXVariantGroup section */

/* Begin XCBuildConfiguration section */
		56057E6F214959BF008946EB /* Debug */ = {
			isa = XCBuildConfiguration;
			buildSettings = {
				CLANG_ANALYZER_NONNULL = YES;
				CLANG_ANALYZER_NUMBER_OBJECT_CONVERSION = YES_AGGRESSIVE;
				CLANG_CXX_LANGUAGE_STANDARD = "gnu++14";
				CLANG_ENABLE_OBJC_WEAK = YES;
				CLANG_WARN_DOCUMENTATION_COMMENTS = YES;
				CLANG_WARN_UNGUARDED_AVAILABILITY = YES_AGGRESSIVE;
				CLANG_WARN_UNREACHABLE_CODE = NO;
				CODE_SIGN_IDENTITY = "Mac Developer";
				CODE_SIGN_STYLE = Automatic;
				COMBINE_HIDPI_IMAGES = YES;
				DEVELOPMENT_TEAM = 4254J4CMHQ;
				GCC_C_LANGUAGE_STANDARD = gnu11;
				INFOPLIST_FILE = MinimalMIDIQL/Info.plist;
				INSTALL_PATH = /Library/QuickLook;
				MTL_ENABLE_DEBUG_INFO = INCLUDE_SOURCE;
				MTL_FAST_MATH = YES;
				PRODUCT_BUNDLE_IDENTIFIER = com.peterwunder.MinimalMIDIQL;
				PRODUCT_NAME = "$(TARGET_NAME)";
				PROVISIONING_PROFILE_SPECIFIER = "";
				SKIP_INSTALL = YES;
				WRAPPER_EXTENSION = qlgenerator;
			};
			name = Debug;
		};
		56057E70214959BF008946EB /* Release */ = {
			isa = XCBuildConfiguration;
			buildSettings = {
				CLANG_ANALYZER_NONNULL = YES;
				CLANG_ANALYZER_NUMBER_OBJECT_CONVERSION = YES_AGGRESSIVE;
				CLANG_CXX_LANGUAGE_STANDARD = "gnu++14";
				CLANG_ENABLE_OBJC_WEAK = YES;
				CLANG_WARN_DOCUMENTATION_COMMENTS = YES;
				CLANG_WARN_UNGUARDED_AVAILABILITY = YES_AGGRESSIVE;
				CLANG_WARN_UNREACHABLE_CODE = NO;
				CODE_SIGN_IDENTITY = "Mac Developer";
				CODE_SIGN_STYLE = Automatic;
				COMBINE_HIDPI_IMAGES = YES;
				DEVELOPMENT_TEAM = 4254J4CMHQ;
				GCC_C_LANGUAGE_STANDARD = gnu11;
				INFOPLIST_FILE = MinimalMIDIQL/Info.plist;
				INSTALL_PATH = /Library/QuickLook;
				MTL_FAST_MATH = YES;
				PRODUCT_BUNDLE_IDENTIFIER = com.peterwunder.MinimalMIDIQL;
				PRODUCT_NAME = "$(TARGET_NAME)";
				PROVISIONING_PROFILE_SPECIFIER = "";
				SKIP_INSTALL = YES;
				WRAPPER_EXTENSION = qlgenerator;
			};
			name = Release;
		};
		56D6A8D81C3437AA0071DEF4 /* Debug */ = {
			isa = XCBuildConfiguration;
			buildSettings = {
				ALWAYS_SEARCH_USER_PATHS = NO;
				CLANG_ANALYZER_LOCALIZABILITY_NONLOCALIZED = YES;
				CLANG_CXX_LANGUAGE_STANDARD = "gnu++0x";
				CLANG_CXX_LIBRARY = "libc++";
				CLANG_ENABLE_MODULES = YES;
				CLANG_ENABLE_OBJC_ARC = YES;
				CLANG_WARN_BLOCK_CAPTURE_AUTORELEASING = YES;
				CLANG_WARN_BOOL_CONVERSION = YES;
				CLANG_WARN_COMMA = YES;
				CLANG_WARN_CONSTANT_CONVERSION = YES;
				CLANG_WARN_DEPRECATED_OBJC_IMPLEMENTATIONS = YES;
				CLANG_WARN_DIRECT_OBJC_ISA_USAGE = YES_ERROR;
				CLANG_WARN_EMPTY_BODY = YES;
				CLANG_WARN_ENUM_CONVERSION = YES;
				CLANG_WARN_INFINITE_RECURSION = YES;
				CLANG_WARN_INT_CONVERSION = YES;
				CLANG_WARN_NON_LITERAL_NULL_CONVERSION = YES;
				CLANG_WARN_OBJC_IMPLICIT_RETAIN_SELF = YES;
				CLANG_WARN_OBJC_LITERAL_CONVERSION = YES;
				CLANG_WARN_OBJC_ROOT_CLASS = YES_ERROR;
				CLANG_WARN_RANGE_LOOP_ANALYSIS = YES;
				CLANG_WARN_STRICT_PROTOTYPES = YES;
				CLANG_WARN_SUSPICIOUS_MOVE = YES;
				CLANG_WARN_UNREACHABLE_CODE = YES;
				CLANG_WARN__DUPLICATE_METHOD_MATCH = YES;
				COPY_PHASE_STRIP = NO;
				DEBUG_INFORMATION_FORMAT = dwarf;
				ENABLE_STRICT_OBJC_MSGSEND = YES;
				ENABLE_TESTABILITY = YES;
				GCC_C_LANGUAGE_STANDARD = gnu99;
				GCC_DYNAMIC_NO_PIC = NO;
				GCC_NO_COMMON_BLOCKS = YES;
				GCC_OPTIMIZATION_LEVEL = 0;
				GCC_PREPROCESSOR_DEFINITIONS = (
					"DEBUG=1",
					"$(inherited)",
				);
				GCC_WARN_64_TO_32_BIT_CONVERSION = YES;
				GCC_WARN_ABOUT_RETURN_TYPE = YES_ERROR;
				GCC_WARN_UNDECLARED_SELECTOR = YES;
				GCC_WARN_UNINITIALIZED_AUTOS = YES_AGGRESSIVE;
				GCC_WARN_UNUSED_FUNCTION = YES;
				GCC_WARN_UNUSED_VARIABLE = YES;
				MACOSX_DEPLOYMENT_TARGET = 10.12;
				MTL_ENABLE_DEBUG_INFO = YES;
				ONLY_ACTIVE_ARCH = YES;
				SDKROOT = macosx;
				SWIFT_OPTIMIZATION_LEVEL = "-Onone";
				SWIFT_VERSION = 5.0;
			};
			name = Debug;
		};
		56D6A8D91C3437AA0071DEF4 /* Release */ = {
			isa = XCBuildConfiguration;
			buildSettings = {
				ALWAYS_SEARCH_USER_PATHS = NO;
				CLANG_ANALYZER_LOCALIZABILITY_NONLOCALIZED = YES;
				CLANG_CXX_LANGUAGE_STANDARD = "gnu++0x";
				CLANG_CXX_LIBRARY = "libc++";
				CLANG_ENABLE_MODULES = YES;
				CLANG_ENABLE_OBJC_ARC = YES;
				CLANG_WARN_BLOCK_CAPTURE_AUTORELEASING = YES;
				CLANG_WARN_BOOL_CONVERSION = YES;
				CLANG_WARN_COMMA = YES;
				CLANG_WARN_CONSTANT_CONVERSION = YES;
				CLANG_WARN_DEPRECATED_OBJC_IMPLEMENTATIONS = YES;
				CLANG_WARN_DIRECT_OBJC_ISA_USAGE = YES_ERROR;
				CLANG_WARN_EMPTY_BODY = YES;
				CLANG_WARN_ENUM_CONVERSION = YES;
				CLANG_WARN_INFINITE_RECURSION = YES;
				CLANG_WARN_INT_CONVERSION = YES;
				CLANG_WARN_NON_LITERAL_NULL_CONVERSION = YES;
				CLANG_WARN_OBJC_IMPLICIT_RETAIN_SELF = YES;
				CLANG_WARN_OBJC_LITERAL_CONVERSION = YES;
				CLANG_WARN_OBJC_ROOT_CLASS = YES_ERROR;
				CLANG_WARN_RANGE_LOOP_ANALYSIS = YES;
				CLANG_WARN_STRICT_PROTOTYPES = YES;
				CLANG_WARN_SUSPICIOUS_MOVE = YES;
				CLANG_WARN_UNREACHABLE_CODE = YES;
				CLANG_WARN__DUPLICATE_METHOD_MATCH = YES;
				COPY_PHASE_STRIP = NO;
				DEBUG_INFORMATION_FORMAT = "dwarf-with-dsym";
				ENABLE_NS_ASSERTIONS = NO;
				ENABLE_STRICT_OBJC_MSGSEND = YES;
				GCC_C_LANGUAGE_STANDARD = gnu99;
				GCC_NO_COMMON_BLOCKS = YES;
				GCC_WARN_64_TO_32_BIT_CONVERSION = YES;
				GCC_WARN_ABOUT_RETURN_TYPE = YES_ERROR;
				GCC_WARN_UNDECLARED_SELECTOR = YES;
				GCC_WARN_UNINITIALIZED_AUTOS = YES_AGGRESSIVE;
				GCC_WARN_UNUSED_FUNCTION = YES;
				GCC_WARN_UNUSED_VARIABLE = YES;
				MACOSX_DEPLOYMENT_TARGET = 10.12;
				MTL_ENABLE_DEBUG_INFO = NO;
				SDKROOT = macosx;
				SWIFT_COMPILATION_MODE = wholemodule;
				SWIFT_OPTIMIZATION_LEVEL = "-O";
				SWIFT_VERSION = 5.0;
			};
			name = Release;
		};
		56D6A8DB1C3437AA0071DEF4 /* Debug */ = {
			isa = XCBuildConfiguration;
			buildSettings = {
				ASSETCATALOG_COMPILER_APPICON_NAME = AppIcon;
				ASSETCATALOG_COMPILER_OPTIMIZATION = time;
				CLANG_ENABLE_MODULES = YES;
				CODE_SIGN_ENTITLEMENTS = MinimalMIDIPlayer/MinimalMIDIPlayer.entitlements;
				CODE_SIGN_IDENTITY = "Mac Developer";
				CODE_SIGN_STYLE = Automatic;
				COMBINE_HIDPI_IMAGES = YES;
				DEVELOPMENT_TEAM = 4254J4CMHQ;
				ENABLE_HARDENED_RUNTIME = YES;
				FRAMEWORK_SEARCH_PATHS = (
					"$(inherited)",
					"$(PROJECT_DIR)/Carthage/Build/Mac",
				);
				INFOPLIST_FILE = MinimalMIDIPlayer/Info.plist;
				LD_RUNPATH_SEARCH_PATHS = (
					"$(inherited)",
					"@executable_path/../Frameworks",
				);
				PRODUCT_BUNDLE_IDENTIFIER = com.peterwunder.MinimalMIDIPlayer;
				PRODUCT_NAME = "$(TARGET_NAME)";
				PROVISIONING_PROFILE_SPECIFIER = "";
				SWIFT_OBJC_BRIDGING_HEADER = "MinimalMIDIPlayer/HyperlinkTextField/MinimalMIDIPlayer-Bridging-Header.h";
				SWIFT_OPTIMIZATION_LEVEL = "-Onone";
				SWIFT_VERSION = 5.0;
			};
			name = Debug;
		};
		56D6A8DC1C3437AA0071DEF4 /* Release */ = {
			isa = XCBuildConfiguration;
			buildSettings = {
				ASSETCATALOG_COMPILER_APPICON_NAME = AppIcon;
				ASSETCATALOG_COMPILER_OPTIMIZATION = time;
				CLANG_ENABLE_MODULES = YES;
				CODE_SIGN_ENTITLEMENTS = MinimalMIDIPlayer/MinimalMIDIPlayer.entitlements;
				CODE_SIGN_IDENTITY = "Mac Developer";
				CODE_SIGN_STYLE = Automatic;
				COMBINE_HIDPI_IMAGES = YES;
				DEVELOPMENT_TEAM = 4254J4CMHQ;
				ENABLE_HARDENED_RUNTIME = YES;
				FRAMEWORK_SEARCH_PATHS = (
					"$(inherited)",
					"$(PROJECT_DIR)/Carthage/Build/Mac",
				);
				INFOPLIST_FILE = MinimalMIDIPlayer/Info.plist;
				LD_RUNPATH_SEARCH_PATHS = (
					"$(inherited)",
					"@executable_path/../Frameworks",
				);
				PRODUCT_BUNDLE_IDENTIFIER = com.peterwunder.MinimalMIDIPlayer;
				PRODUCT_NAME = "$(TARGET_NAME)";
				PROVISIONING_PROFILE_SPECIFIER = "";
				SWIFT_OBJC_BRIDGING_HEADER = "MinimalMIDIPlayer/HyperlinkTextField/MinimalMIDIPlayer-Bridging-Header.h";
				SWIFT_VERSION = 5.0;
			};
			name = Release;
		};
/* End XCBuildConfiguration section */

/* Begin XCConfigurationList section */
		56057E6E214959BF008946EB /* Build configuration list for PBXNativeTarget "MinimalMIDIQL" */ = {
			isa = XCConfigurationList;
			buildConfigurations = (
				56057E6F214959BF008946EB /* Debug */,
				56057E70214959BF008946EB /* Release */,
			);
			defaultConfigurationIsVisible = 0;
			defaultConfigurationName = Release;
		};
		56D6A8C81C3437AA0071DEF4 /* Build configuration list for PBXProject "MinimalMIDIPlayer" */ = {
			isa = XCConfigurationList;
			buildConfigurations = (
				56D6A8D81C3437AA0071DEF4 /* Debug */,
				56D6A8D91C3437AA0071DEF4 /* Release */,
			);
			defaultConfigurationIsVisible = 0;
			defaultConfigurationName = Release;
		};
		56D6A8DA1C3437AA0071DEF4 /* Build configuration list for PBXNativeTarget "MinimalMIDIPlayer" */ = {
			isa = XCConfigurationList;
			buildConfigurations = (
				56D6A8DB1C3437AA0071DEF4 /* Debug */,
				56D6A8DC1C3437AA0071DEF4 /* Release */,
			);
			defaultConfigurationIsVisible = 0;
			defaultConfigurationName = Release;
		};
/* End XCConfigurationList section */
	};
	rootObject = 56D6A8C51C3437AA0071DEF4 /* Project object */;
}
