// !$*UTF8*$!
{
	archiveVersion = 1;
	classes = {
	};
	objectVersion = 52;
	objects = {

/* Begin PBXBuildFile section */
		5612BAE821414F3C00AA1882 /* Settings.swift in Sources */ = {isa = PBXBuildFile; fileRef = 5612BAE721414F3C00AA1882 /* Settings.swift */; };
		561776F1213AB08D003BF843 /* NSFont+Alternates.swift in Sources */ = {isa = PBXBuildFile; fileRef = 561776F0213AB08D003BF843 /* NSFont+Alternates.swift */; };
		562E3AB9224E1E65001AD319 /* AVAudioUnitMIDISynth.swift in Sources */ = {isa = PBXBuildFile; fileRef = 562E3AB8224E1E65001AD319 /* AVAudioUnitMIDISynth.swift */; };
		562E3ABD224E1E79001AD319 /* MIDIFileBouncer.swift in Sources */ = {isa = PBXBuildFile; fileRef = 562E3ABC224E1E79001AD319 /* MIDIFileBouncer.swift */; };
		563D9FC21FF46E95008DE194 /* MediaPlayer.framework in Frameworks */ = {isa = PBXBuildFile; fileRef = 563D9FC11FF46E95008DE194 /* MediaPlayer.framework */; };
		56654136214045C100283C85 /* MIDIDocument.swift in Sources */ = {isa = PBXBuildFile; fileRef = 56654135214045C100283C85 /* MIDIDocument.swift */; };
		5669F2EB21425B400034D3ED /* NowPlayingCentral.swift in Sources */ = {isa = PBXBuildFile; fileRef = 5669F2EA21425B400034D3ED /* NowPlayingCentral.swift */; };
		569D77F32004F0010028D9C2 /* PWMIDIPlayer.swift in Sources */ = {isa = PBXBuildFile; fileRef = 569D77F22004F0010028D9C2 /* PWMIDIPlayer.swift */; };
		56A0BD7C21400569006095CE /* DocumentWindowController.swift in Sources */ = {isa = PBXBuildFile; fileRef = 56A0BD7B21400569006095CE /* DocumentWindowController.swift */; };
		56A0BD7E214005A4006095CE /* DocumentViewController.swift in Sources */ = {isa = PBXBuildFile; fileRef = 56A0BD7D214005A4006095CE /* DocumentViewController.swift */; };
		56AA5A81256568BA00B715E9 /* org.sparkle-project.InstallerConnection.xpc in Embed XPC Services */ = {isa = PBXBuildFile; fileRef = 56AA5A51256567DE00B715E9 /* org.sparkle-project.InstallerConnection.xpc */; settings = {ATTRIBUTES = (RemoveHeadersOnCopy, ); }; };
		56AA5A82256568BA00B715E9 /* org.sparkle-project.InstallerLauncher.xpc in Embed XPC Services */ = {isa = PBXBuildFile; fileRef = 56AA5A4F256567DE00B715E9 /* org.sparkle-project.InstallerLauncher.xpc */; settings = {ATTRIBUTES = (RemoveHeadersOnCopy, ); }; };
		56AA5A83256568BA00B715E9 /* org.sparkle-project.InstallerStatus.xpc in Embed XPC Services */ = {isa = PBXBuildFile; fileRef = 56AA5A53256567DE00B715E9 /* org.sparkle-project.InstallerStatus.xpc */; settings = {ATTRIBUTES = (RemoveHeadersOnCopy, ); }; };
		56AA5A84256568BA00B715E9 /* Sparkle.framework in Frameworks */ = {isa = PBXBuildFile; fileRef = 56AA5A49256567DE00B715E9 /* Sparkle.framework */; };
		56AA5A85256568BA00B715E9 /* Sparkle.framework in Embed Frameworks */ = {isa = PBXBuildFile; fileRef = 56AA5A49256567DE00B715E9 /* Sparkle.framework */; settings = {ATTRIBUTES = (CodeSignOnCopy, RemoveHeadersOnCopy, ); }; };
		56AA5AA625659F8A00B715E9 /* GeneralPreferenceViewController.swift in Sources */ = {isa = PBXBuildFile; fileRef = 56AA5AA525659F8A00B715E9 /* GeneralPreferenceViewController.swift */; };
		56AA5AA825659F9100B715E9 /* SoundfontPreferenceViewController.swift in Sources */ = {isa = PBXBuildFile; fileRef = 56AA5AA725659F9100B715E9 /* SoundfontPreferenceViewController.swift */; };
		56AA5AAA25659F9200B715E9 /* UpdatePreferenceViewController.swift in Sources */ = {isa = PBXBuildFile; fileRef = 56AA5AA925659F9200B715E9 /* UpdatePreferenceViewController.swift */; };
		56AA5AD02565E33E00B715E9 /* PreferencesTabViewController.swift in Sources */ = {isa = PBXBuildFile; fileRef = 56AA5ACF2565E33E00B715E9 /* PreferencesTabViewController.swift */; };
		56B0532A223A3D3D000AB382 /* Acknowledgements.rtf in Resources */ = {isa = PBXBuildFile; fileRef = 56B05329223A3D3D000AB382 /* Acknowledgements.rtf */; };
		56B1E12C21EBA619002CEBB3 /* Levenshtein.swift in Sources */ = {isa = PBXBuildFile; fileRef = 56B1E12B21EBA619002CEBB3 /* Levenshtein.swift */; };
		56D6A8D11C3437AA0071DEF4 /* AppDelegate.swift in Sources */ = {isa = PBXBuildFile; fileRef = 56D6A8D01C3437AA0071DEF4 /* AppDelegate.swift */; };
		56D6A8D31C3437AA0071DEF4 /* Assets.xcassets in Resources */ = {isa = PBXBuildFile; fileRef = 56D6A8D21C3437AA0071DEF4 /* Assets.xcassets */; };
		56DAB39A224B63F000FF8847 /* Localizable.strings in Resources */ = {isa = PBXBuildFile; fileRef = 56DAB39C224B63F000FF8847 /* Localizable.strings */; };
		56DAB3A3224B71BF00FF8847 /* Main.storyboard in Resources */ = {isa = PBXBuildFile; fileRef = 56DAB3A5224B71BF00FF8847 /* Main.storyboard */; };
		56FEF1572141181B00813975 /* AboutViewController.swift in Sources */ = {isa = PBXBuildFile; fileRef = 56FEF1562141181B00813975 /* AboutViewController.swift */; };
		56FEF15D214119FD00813975 /* HyperlinkTextField.m in Sources */ = {isa = PBXBuildFile; fileRef = 56FEF15B214119FD00813975 /* HyperlinkTextField.m */; };
		56FEF16621411AC000813975 /* Extensions.swift in Sources */ = {isa = PBXBuildFile; fileRef = 56FEF16521411AC000813975 /* Extensions.swift */; };
/* End PBXBuildFile section */

/* Begin PBXContainerItemProxy section */
		56AA5A48256567DE00B715E9 /* PBXContainerItemProxy */ = {
			isa = PBXContainerItemProxy;
			containerPortal = 56AA5A2E256567DD00B715E9 /* Sparkle.xcodeproj */;
			proxyType = 2;
			remoteGlobalIDString = 8DC2EF5B0486A6940098B216;
			remoteInfo = Sparkle;
		};
		56AA5A4C256567DE00B715E9 /* PBXContainerItemProxy */ = {
			isa = PBXContainerItemProxy;
			containerPortal = 56AA5A2E256567DD00B715E9 /* Sparkle.xcodeproj */;
			proxyType = 2;
			remoteGlobalIDString = 72B398D21D3D879300EE297F;
			remoteInfo = Autoupdate;
		};
		56AA5A4E256567DE00B715E9 /* PBXContainerItemProxy */ = {
			isa = PBXContainerItemProxy;
			containerPortal = 56AA5A2E256567DD00B715E9 /* Sparkle.xcodeproj */;
			proxyType = 2;
			remoteGlobalIDString = 726E07AD1CAF08D6001A286B;
			remoteInfo = SparkleInstallerLauncher;
		};
		56AA5A50256567DE00B715E9 /* PBXContainerItemProxy */ = {
			isa = PBXContainerItemProxy;
			containerPortal = 56AA5A2E256567DD00B715E9 /* Sparkle.xcodeproj */;
			proxyType = 2;
			remoteGlobalIDString = 724BB36C1D31D0B7005D534A;
			remoteInfo = SparkleInstallerConnection;
		};
		56AA5A52256567DE00B715E9 /* PBXContainerItemProxy */ = {
			isa = PBXContainerItemProxy;
			containerPortal = 56AA5A2E256567DD00B715E9 /* Sparkle.xcodeproj */;
			proxyType = 2;
			remoteGlobalIDString = 724BB3931D333832005D534A;
			remoteInfo = SparkleInstallerStatus;
		};
		56AA5A54256567DE00B715E9 /* PBXContainerItemProxy */ = {
			isa = PBXContainerItemProxy;
			containerPortal = 56AA5A2E256567DD00B715E9 /* Sparkle.xcodeproj */;
			proxyType = 2;
			remoteGlobalIDString = 726E07EF1CAF37BD001A286B;
			remoteInfo = SparkleDownloader;
		};
		56AA5A56256567DE00B715E9 /* PBXContainerItemProxy */ = {
			isa = PBXContainerItemProxy;
			containerPortal = 56AA5A2E256567DD00B715E9 /* Sparkle.xcodeproj */;
			proxyType = 2;
			remoteGlobalIDString = 61B5F90209C4CEE200B25A18;
			remoteInfo = "Sparkle Test App";
		};
		56AA5A58256567DE00B715E9 /* PBXContainerItemProxy */ = {
			isa = PBXContainerItemProxy;
			containerPortal = 56AA5A2E256567DD00B715E9 /* Sparkle.xcodeproj */;
			proxyType = 2;
			remoteGlobalIDString = 726E4A161C86C88F00C57C6A;
			remoteInfo = TestAppHelper;
		};
		56AA5A5A256567DE00B715E9 /* PBXContainerItemProxy */ = {
			isa = PBXContainerItemProxy;
			containerPortal = 56AA5A2E256567DD00B715E9 /* Sparkle.xcodeproj */;
			proxyType = 2;
			remoteGlobalIDString = 612279D90DB5470200AB99EA;
			remoteInfo = "Sparkle Unit Tests";
		};
		56AA5A5C256567DE00B715E9 /* PBXContainerItemProxy */ = {
			isa = PBXContainerItemProxy;
			containerPortal = 56AA5A2E256567DD00B715E9 /* Sparkle.xcodeproj */;
			proxyType = 2;
			remoteGlobalIDString = 5D06E8D00FD68C7C005AE3F6;
			remoteInfo = BinaryDelta;
		};
		56AA5A5E256567DE00B715E9 /* PBXContainerItemProxy */ = {
			isa = PBXContainerItemProxy;
			containerPortal = 56AA5A2E256567DD00B715E9 /* Sparkle.xcodeproj */;
			proxyType = 2;
			remoteGlobalIDString = 72D9549E1CBB415B006F28BD;
			remoteInfo = "sparkle-cli";
		};
		56AA5A60256567DE00B715E9 /* PBXContainerItemProxy */ = {
			isa = PBXContainerItemProxy;
			containerPortal = 56AA5A2E256567DD00B715E9 /* Sparkle.xcodeproj */;
			proxyType = 2;
			remoteGlobalIDString = 721C24451CB753E6005440CB;
			remoteInfo = "Installer Progress";
		};
		56AA5A62256567DE00B715E9 /* PBXContainerItemProxy */ = {
			isa = PBXContainerItemProxy;
			containerPortal = 56AA5A2E256567DD00B715E9 /* Sparkle.xcodeproj */;
			proxyType = 2;
			remoteGlobalIDString = 726B2B5D1C645FC900388755;
			remoteInfo = "UI Tests";
		};
		56AA5A64256567DE00B715E9 /* PBXContainerItemProxy */ = {
			isa = PBXContainerItemProxy;
			containerPortal = 56AA5A2E256567DD00B715E9 /* Sparkle.xcodeproj */;
			proxyType = 2;
			remoteGlobalIDString = 7205C43E1E13049400E370AE;
			remoteInfo = generate_appcast;
		};
		56AA5A66256567DE00B715E9 /* PBXContainerItemProxy */ = {
			isa = PBXContainerItemProxy;
			containerPortal = 56AA5A2E256567DD00B715E9 /* Sparkle.xcodeproj */;
			proxyType = 2;
			remoteGlobalIDString = EA1E285E22B66487004AA304;
			remoteInfo = generate_keys;
		};
		56AA5A68256567DE00B715E9 /* PBXContainerItemProxy */ = {
			isa = PBXContainerItemProxy;
			containerPortal = 56AA5A2E256567DD00B715E9 /* Sparkle.xcodeproj */;
			proxyType = 2;
			remoteGlobalIDString = EA1E287622B666EB004AA304;
			remoteInfo = sign_update;
		};
		56AA5A6A256567DE00B715E9 /* PBXContainerItemProxy */ = {
			isa = PBXContainerItemProxy;
			containerPortal = 56AA5A2E256567DD00B715E9 /* Sparkle.xcodeproj */;
			proxyType = 2;
			remoteGlobalIDString = EA1E280F22B64522004AA304;
			remoteInfo = bsdiff;
		};
		56AA5A6C256567DE00B715E9 /* PBXContainerItemProxy */ = {
			isa = PBXContainerItemProxy;
			containerPortal = 56AA5A2E256567DD00B715E9 /* Sparkle.xcodeproj */;
			proxyType = 2;
			remoteGlobalIDString = EA1E282D22B660BE004AA304;
			remoteInfo = ed25519;
		};
		56AA5A882565698F00B715E9 /* PBXContainerItemProxy */ = {
			isa = PBXContainerItemProxy;
			containerPortal = 56AA5A2E256567DD00B715E9 /* Sparkle.xcodeproj */;
			proxyType = 1;
			remoteGlobalIDString = 8DC2EF4F0486A6940098B216;
			remoteInfo = Sparkle;
		};
		56AA5A8A2565698F00B715E9 /* PBXContainerItemProxy */ = {
			isa = PBXContainerItemProxy;
			containerPortal = 56AA5A2E256567DD00B715E9 /* Sparkle.xcodeproj */;
			proxyType = 1;
			remoteGlobalIDString = 724BB36B1D31D0B7005D534A;
			remoteInfo = SparkleInstallerConnection;
		};
		56AA5A8C2565698F00B715E9 /* PBXContainerItemProxy */ = {
			isa = PBXContainerItemProxy;
			containerPortal = 56AA5A2E256567DD00B715E9 /* Sparkle.xcodeproj */;
			proxyType = 1;
			remoteGlobalIDString = 726E07AC1CAF08D6001A286B;
			remoteInfo = SparkleInstallerLauncher;
		};
		56AA5A8E2565698F00B715E9 /* PBXContainerItemProxy */ = {
			isa = PBXContainerItemProxy;
			containerPortal = 56AA5A2E256567DD00B715E9 /* Sparkle.xcodeproj */;
			proxyType = 1;
			remoteGlobalIDString = 724BB3921D333832005D534A;
			remoteInfo = SparkleInstallerStatus;
		};
/* End PBXContainerItemProxy section */

/* Begin PBXCopyFilesBuildPhase section */
		5673874A26D9493200669042 /* Embed App Extensions */ = {
			isa = PBXCopyFilesBuildPhase;
			buildActionMask = 2147483647;
			dstPath = "";
			dstSubfolderSpec = 13;
			files = (
			);
			name = "Embed App Extensions";
			runOnlyForDeploymentPostprocessing = 0;
		};
		56AA5A86256568BA00B715E9 /* Embed XPC Services */ = {
			isa = PBXCopyFilesBuildPhase;
			buildActionMask = 2147483647;
			dstPath = "$(CONTENTS_FOLDER_PATH)/XPCServices";
			dstSubfolderSpec = 16;
			files = (
				56AA5A83256568BA00B715E9 /* org.sparkle-project.InstallerStatus.xpc in Embed XPC Services */,
				56AA5A82256568BA00B715E9 /* org.sparkle-project.InstallerLauncher.xpc in Embed XPC Services */,
				56AA5A81256568BA00B715E9 /* org.sparkle-project.InstallerConnection.xpc in Embed XPC Services */,
			);
			name = "Embed XPC Services";
			runOnlyForDeploymentPostprocessing = 0;
		};
		56AA5A87256568BA00B715E9 /* Embed Frameworks */ = {
			isa = PBXCopyFilesBuildPhase;
			buildActionMask = 2147483647;
			dstPath = "";
			dstSubfolderSpec = 10;
			files = (
				56AA5A85256568BA00B715E9 /* Sparkle.framework in Embed Frameworks */,
			);
			name = "Embed Frameworks";
			runOnlyForDeploymentPostprocessing = 0;
		};
/* End PBXCopyFilesBuildPhase section */

/* Begin PBXFileReference section */
		5612BAE721414F3C00AA1882 /* Settings.swift */ = {isa = PBXFileReference; lastKnownFileType = sourcecode.swift; path = Settings.swift; sourceTree = "<group>"; };
		561776F0213AB08D003BF843 /* NSFont+Alternates.swift */ = {isa = PBXFileReference; lastKnownFileType = sourcecode.swift; path = "NSFont+Alternates.swift"; sourceTree = "<group>"; };
		562E3AB8224E1E65001AD319 /* AVAudioUnitMIDISynth.swift */ = {isa = PBXFileReference; lastKnownFileType = sourcecode.swift; path = AVAudioUnitMIDISynth.swift; sourceTree = "<group>"; };
		562E3ABC224E1E79001AD319 /* MIDIFileBouncer.swift */ = {isa = PBXFileReference; lastKnownFileType = sourcecode.swift; path = MIDIFileBouncer.swift; sourceTree = "<group>"; };
		563D9FC11FF46E95008DE194 /* MediaPlayer.framework */ = {isa = PBXFileReference; lastKnownFileType = wrapper.framework; name = MediaPlayer.framework; path = System/Library/Frameworks/MediaPlayer.framework; sourceTree = SDKROOT; };
		56654135214045C100283C85 /* MIDIDocument.swift */ = {isa = PBXFileReference; lastKnownFileType = sourcecode.swift; path = MIDIDocument.swift; sourceTree = "<group>"; };
		5669F2EA21425B400034D3ED /* NowPlayingCentral.swift */ = {isa = PBXFileReference; lastKnownFileType = sourcecode.swift; path = NowPlayingCentral.swift; sourceTree = "<group>"; };
		5673873D26D9493200669042 /* Quartz.framework */ = {isa = PBXFileReference; lastKnownFileType = wrapper.framework; name = Quartz.framework; path = System/Library/Frameworks/Quartz.framework; sourceTree = SDKROOT; };
		569D77F22004F0010028D9C2 /* PWMIDIPlayer.swift */ = {isa = PBXFileReference; lastKnownFileType = sourcecode.swift; path = PWMIDIPlayer.swift; sourceTree = "<group>"; };
		56A0BD7B21400569006095CE /* DocumentWindowController.swift */ = {isa = PBXFileReference; lastKnownFileType = sourcecode.swift; path = DocumentWindowController.swift; sourceTree = "<group>"; };
		56A0BD7D214005A4006095CE /* DocumentViewController.swift */ = {isa = PBXFileReference; lastKnownFileType = sourcecode.swift; path = DocumentViewController.swift; sourceTree = "<group>"; };
		56A24C472254CCAD00213A4B /* de */ = {isa = PBXFileReference; lastKnownFileType = text.plist.strings; name = de; path = de.lproj/Main.strings; sourceTree = "<group>"; };
		56A3A10E21707E7F008ABA6A /* MinimalMIDIPlayer.entitlements */ = {isa = PBXFileReference; lastKnownFileType = text.plist.entitlements; path = MinimalMIDIPlayer.entitlements; sourceTree = "<group>"; };
		56AA5A2E256567DD00B715E9 /* Sparkle.xcodeproj */ = {isa = PBXFileReference; lastKnownFileType = "wrapper.pb-project"; name = Sparkle.xcodeproj; path = submodules/Sparkle/Sparkle.xcodeproj; sourceTree = "<group>"; };
		56AA5AA525659F8A00B715E9 /* GeneralPreferenceViewController.swift */ = {isa = PBXFileReference; lastKnownFileType = sourcecode.swift; path = GeneralPreferenceViewController.swift; sourceTree = "<group>"; };
		56AA5AA725659F9100B715E9 /* SoundfontPreferenceViewController.swift */ = {isa = PBXFileReference; lastKnownFileType = sourcecode.swift; path = SoundfontPreferenceViewController.swift; sourceTree = "<group>"; };
		56AA5AA925659F9200B715E9 /* UpdatePreferenceViewController.swift */ = {isa = PBXFileReference; lastKnownFileType = sourcecode.swift; path = UpdatePreferenceViewController.swift; sourceTree = "<group>"; };
		56AA5ACF2565E33E00B715E9 /* PreferencesTabViewController.swift */ = {isa = PBXFileReference; lastKnownFileType = sourcecode.swift; path = PreferencesTabViewController.swift; sourceTree = "<group>"; };
		56AB757F213FD146009ECFB1 /* AVFoundation.framework */ = {isa = PBXFileReference; lastKnownFileType = wrapper.framework; name = AVFoundation.framework; path = System/Library/Frameworks/AVFoundation.framework; sourceTree = SDKROOT; };
		56B05329223A3D3D000AB382 /* Acknowledgements.rtf */ = {isa = PBXFileReference; fileEncoding = 4; lastKnownFileType = text.rtf; path = Acknowledgements.rtf; sourceTree = "<group>"; };
		56B1E12B21EBA619002CEBB3 /* Levenshtein.swift */ = {isa = PBXFileReference; lastKnownFileType = sourcecode.swift; path = Levenshtein.swift; sourceTree = "<group>"; };
		56C2AB86224A33EF0093728A /* Info.plist */ = {isa = PBXFileReference; fileEncoding = 4; lastKnownFileType = text.plist.xml; path = Info.plist; sourceTree = "<group>"; };
		56D6A8CD1C3437AA0071DEF4 /* MinimalMIDIPlayer.app */ = {isa = PBXFileReference; explicitFileType = wrapper.application; includeInIndex = 0; path = MinimalMIDIPlayer.app; sourceTree = BUILT_PRODUCTS_DIR; };
		56D6A8D01C3437AA0071DEF4 /* AppDelegate.swift */ = {isa = PBXFileReference; lastKnownFileType = sourcecode.swift; path = AppDelegate.swift; sourceTree = "<group>"; };
		56D6A8D21C3437AA0071DEF4 /* Assets.xcassets */ = {isa = PBXFileReference; lastKnownFileType = folder.assetcatalog; path = Assets.xcassets; sourceTree = "<group>"; };
		56DAB39B224B63F000FF8847 /* en */ = {isa = PBXFileReference; lastKnownFileType = text.plist.strings; name = en; path = en.lproj/Localizable.strings; sourceTree = "<group>"; };
		56DAB39D224B640B00FF8847 /* de */ = {isa = PBXFileReference; lastKnownFileType = text.plist.strings; name = de; path = de.lproj/Localizable.strings; sourceTree = "<group>"; };
		56DAB3A4224B71BF00FF8847 /* Base */ = {isa = PBXFileReference; lastKnownFileType = file.storyboard; name = Base; path = Base.lproj/Main.storyboard; sourceTree = "<group>"; };
		56FEF1562141181B00813975 /* AboutViewController.swift */ = {isa = PBXFileReference; lastKnownFileType = sourcecode.swift; path = AboutViewController.swift; sourceTree = "<group>"; };
		56FEF159214119FC00813975 /* MinimalMIDIPlayer-Bridging-Header.h */ = {isa = PBXFileReference; lastKnownFileType = sourcecode.c.h; path = "MinimalMIDIPlayer-Bridging-Header.h"; sourceTree = "<group>"; };
		56FEF15A214119FD00813975 /* HyperlinkTextField.h */ = {isa = PBXFileReference; fileEncoding = 4; lastKnownFileType = sourcecode.c.h; path = HyperlinkTextField.h; sourceTree = "<group>"; };
		56FEF15B214119FD00813975 /* HyperlinkTextField.m */ = {isa = PBXFileReference; fileEncoding = 4; lastKnownFileType = sourcecode.c.objc; path = HyperlinkTextField.m; sourceTree = "<group>"; };
		56FEF16521411AC000813975 /* Extensions.swift */ = {isa = PBXFileReference; lastKnownFileType = sourcecode.swift; path = Extensions.swift; sourceTree = "<group>"; };
/* End PBXFileReference section */

/* Begin PBXFrameworksBuildPhase section */
		56D6A8CA1C3437AA0071DEF4 /* Frameworks */ = {
			isa = PBXFrameworksBuildPhase;
			buildActionMask = 2147483647;
			files = (
				563D9FC21FF46E95008DE194 /* MediaPlayer.framework in Frameworks */,
				56AA5A84256568BA00B715E9 /* Sparkle.framework in Frameworks */,
			);
			runOnlyForDeploymentPostprocessing = 0;
		};
/* End PBXFrameworksBuildPhase section */

/* Begin PBXGroup section */
		562E3AB7224E1E50001AD319 /* Bouncer */ = {
			isa = PBXGroup;
			children = (
				562E3AB8224E1E65001AD319 /* AVAudioUnitMIDISynth.swift */,
				562E3ABC224E1E79001AD319 /* MIDIFileBouncer.swift */,
			);
			path = Bouncer;
			sourceTree = "<group>";
		};
		563D9FC01FF46E95008DE194 /* Frameworks */ = {
			isa = PBXGroup;
			children = (
				56AA5A2E256567DD00B715E9 /* Sparkle.xcodeproj */,
				56AB757F213FD146009ECFB1 /* AVFoundation.framework */,
				563D9FC11FF46E95008DE194 /* MediaPlayer.framework */,
				5673873D26D9493200669042 /* Quartz.framework */,
			);
			name = Frameworks;
			sourceTree = "<group>";
		};
		56AA5A2F256567DD00B715E9 /* Products */ = {
			isa = PBXGroup;
			children = (
				56AA5A49256567DE00B715E9 /* Sparkle.framework */,
				56AA5A4D256567DE00B715E9 /* Autoupdate */,
				56AA5A4F256567DE00B715E9 /* org.sparkle-project.InstallerLauncher.xpc */,
				56AA5A51256567DE00B715E9 /* org.sparkle-project.InstallerConnection.xpc */,
				56AA5A53256567DE00B715E9 /* org.sparkle-project.InstallerStatus.xpc */,
				56AA5A55256567DE00B715E9 /* org.sparkle-project.Downloader.xpc */,
				56AA5A57256567DE00B715E9 /* Sparkle Test App.app */,
				56AA5A59256567DE00B715E9 /* TestAppHelper.xpc */,
				56AA5A5B256567DE00B715E9 /* Sparkle Unit Tests.xctest */,
				56AA5A5D256567DE00B715E9 /* BinaryDelta */,
				56AA5A5F256567DE00B715E9 /* sparkle.app */,
				56AA5A61256567DE00B715E9 /* Updater.app */,
				56AA5A63256567DE00B715E9 /* UI Tests.xctest */,
				56AA5A65256567DE00B715E9 /* generate_appcast */,
				56AA5A67256567DE00B715E9 /* generate_keys */,
				56AA5A69256567DE00B715E9 /* sign_update */,
				56AA5A6B256567DE00B715E9 /* libbsdiff.a */,
				56AA5A6D256567DE00B715E9 /* libed25519.a */,
			);
			name = Products;
			sourceTree = "<group>";
		};
		56AA5AA425659CF800B715E9 /* Preferences */ = {
			isa = PBXGroup;
			children = (
				56AA5ACF2565E33E00B715E9 /* PreferencesTabViewController.swift */,
				56AA5AA525659F8A00B715E9 /* GeneralPreferenceViewController.swift */,
				56AA5AA725659F9100B715E9 /* SoundfontPreferenceViewController.swift */,
				56AA5AA925659F9200B715E9 /* UpdatePreferenceViewController.swift */,
			);
			path = Preferences;
			sourceTree = "<group>";
		};
		56B1E12A21EBA603002CEBB3 /* Helpers */ = {
			isa = PBXGroup;
			children = (
				56B1E12B21EBA619002CEBB3 /* Levenshtein.swift */,
			);
			path = Helpers;
			sourceTree = "<group>";
		};
		56D6A8C41C3437AA0071DEF4 = {
			isa = PBXGroup;
			children = (
				56D6A8CF1C3437AA0071DEF4 /* MinimalMIDIPlayer */,
				56D6A8CE1C3437AA0071DEF4 /* Products */,
				563D9FC01FF46E95008DE194 /* Frameworks */,
			);
			sourceTree = "<group>";
		};
		56D6A8CE1C3437AA0071DEF4 /* Products */ = {
			isa = PBXGroup;
			children = (
				56D6A8CD1C3437AA0071DEF4 /* MinimalMIDIPlayer.app */,
			);
			name = Products;
			sourceTree = "<group>";
		};
		56D6A8CF1C3437AA0071DEF4 /* MinimalMIDIPlayer */ = {
			isa = PBXGroup;
			children = (
				56B05329223A3D3D000AB382 /* Acknowledgements.rtf */,
				56A3A10E21707E7F008ABA6A /* MinimalMIDIPlayer.entitlements */,
				562E3AB7224E1E50001AD319 /* Bouncer */,
				56FEF15E21411A4800813975 /* Extensions */,
				56B1E12A21EBA603002CEBB3 /* Helpers */,
				56FEF158214119D800813975 /* HyperlinkTextField */,
				56AA5AA425659CF800B715E9 /* Preferences */,
				56D6A8D21C3437AA0071DEF4 /* Assets.xcassets */,
				56DAB3A5224B71BF00FF8847 /* Main.storyboard */,
				56D6A8D01C3437AA0071DEF4 /* AppDelegate.swift */,
				5612BAE721414F3C00AA1882 /* Settings.swift */,
				5669F2EA21425B400034D3ED /* NowPlayingCentral.swift */,
				56654135214045C100283C85 /* MIDIDocument.swift */,
				569D77F22004F0010028D9C2 /* PWMIDIPlayer.swift */,
				56A0BD7B21400569006095CE /* DocumentWindowController.swift */,
				56A0BD7D214005A4006095CE /* DocumentViewController.swift */,
				56FEF1562141181B00813975 /* AboutViewController.swift */,
				56C2AB86224A33EF0093728A /* Info.plist */,
				56DAB39C224B63F000FF8847 /* Localizable.strings */,
			);
			path = MinimalMIDIPlayer;
			sourceTree = "<group>";
		};
		56FEF158214119D800813975 /* HyperlinkTextField */ = {
			isa = PBXGroup;
			children = (
				56FEF15A214119FD00813975 /* HyperlinkTextField.h */,
				56FEF15B214119FD00813975 /* HyperlinkTextField.m */,
				56FEF159214119FC00813975 /* MinimalMIDIPlayer-Bridging-Header.h */,
			);
			path = HyperlinkTextField;
			sourceTree = "<group>";
		};
		56FEF15E21411A4800813975 /* Extensions */ = {
			isa = PBXGroup;
			children = (
				561776F0213AB08D003BF843 /* NSFont+Alternates.swift */,
				56FEF16521411AC000813975 /* Extensions.swift */,
			);
			path = Extensions;
			sourceTree = "<group>";
		};
/* End PBXGroup section */

/* Begin PBXNativeTarget section */
		56D6A8CC1C3437AA0071DEF4 /* MinimalMIDIPlayer */ = {
			isa = PBXNativeTarget;
			buildConfigurationList = 56D6A8DA1C3437AA0071DEF4 /* Build configuration list for PBXNativeTarget "MinimalMIDIPlayer" */;
			buildPhases = (
				56B9E1E02146D4C9007914DB /* Run Script (Auto-increase Build Number) */,
				560EECBE2242461000C36162 /* Run Script (SwiftLint) */,
				56D6A8C91C3437AA0071DEF4 /* Sources */,
				56D6A8CA1C3437AA0071DEF4 /* Frameworks */,
				56D6A8CB1C3437AA0071DEF4 /* Resources */,
				56AA5A87256568BA00B715E9 /* Embed Frameworks */,
				56AA5A86256568BA00B715E9 /* Embed XPC Services */,
				56AA5A9025656A2700B715E9 /* Run Script: Code Sign Sparkle */,
				5673874A26D9493200669042 /* Embed App Extensions */,
			);
			buildRules = (
			);
			dependencies = (
				56AA5A892565698F00B715E9 /* PBXTargetDependency */,
				56AA5A8B2565698F00B715E9 /* PBXTargetDependency */,
				56AA5A8D2565698F00B715E9 /* PBXTargetDependency */,
				56AA5A8F2565698F00B715E9 /* PBXTargetDependency */,
			);
			name = MinimalMIDIPlayer;
			productName = MinimalMIDIPlayer;
			productReference = 56D6A8CD1C3437AA0071DEF4 /* MinimalMIDIPlayer.app */;
			productType = "com.apple.product-type.application";
		};
/* End PBXNativeTarget section */

/* Begin PBXProject section */
		56D6A8C51C3437AA0071DEF4 /* Project object */ = {
			isa = PBXProject;
			attributes = {
				LastSwiftUpdateCheck = 1250;
				LastUpgradeCheck = 1200;
				ORGANIZATIONNAME = "Peter Wunder";
				TargetAttributes = {
					56D6A8CC1C3437AA0071DEF4 = {
						CreatedOnToolsVersion = 7.2;
						LastSwiftMigration = 1020;
						SystemCapabilities = {
							com.apple.HardenedRuntime = {
								enabled = 1;
							};
							com.apple.Push = {
								enabled = 0;
							};
							com.apple.Sandbox = {
								enabled = 1;
							};
						};
					};
				};
			};
			buildConfigurationList = 56D6A8C81C3437AA0071DEF4 /* Build configuration list for PBXProject "MinimalMIDIPlayer" */;
			compatibilityVersion = "Xcode 11.0";
			developmentRegion = en;
			hasScannedForEncodings = 0;
			knownRegions = (
				Base,
				en,
				de,
			);
			mainGroup = 56D6A8C41C3437AA0071DEF4;
			productRefGroup = 56D6A8CE1C3437AA0071DEF4 /* Products */;
			projectDirPath = "";
			projectReferences = (
				{
					ProductGroup = 56AA5A2F256567DD00B715E9 /* Products */;
					ProjectRef = 56AA5A2E256567DD00B715E9 /* Sparkle.xcodeproj */;
				},
			);
			projectRoot = "";
			targets = (
				56D6A8CC1C3437AA0071DEF4 /* MinimalMIDIPlayer */,
			);
		};
/* End PBXProject section */

/* Begin PBXReferenceProxy section */
		56AA5A49256567DE00B715E9 /* Sparkle.framework */ = {
			isa = PBXReferenceProxy;
			fileType = wrapper.framework;
			path = Sparkle.framework;
			remoteRef = 56AA5A48256567DE00B715E9 /* PBXContainerItemProxy */;
			sourceTree = BUILT_PRODUCTS_DIR;
		};
		56AA5A4D256567DE00B715E9 /* Autoupdate */ = {
			isa = PBXReferenceProxy;
			fileType = "compiled.mach-o.executable";
			path = Autoupdate;
			remoteRef = 56AA5A4C256567DE00B715E9 /* PBXContainerItemProxy */;
			sourceTree = BUILT_PRODUCTS_DIR;
		};
		56AA5A4F256567DE00B715E9 /* org.sparkle-project.InstallerLauncher.xpc */ = {
			isa = PBXReferenceProxy;
			fileType = "wrapper.xpc-service";
			path = "org.sparkle-project.InstallerLauncher.xpc";
			remoteRef = 56AA5A4E256567DE00B715E9 /* PBXContainerItemProxy */;
			sourceTree = BUILT_PRODUCTS_DIR;
		};
		56AA5A51256567DE00B715E9 /* org.sparkle-project.InstallerConnection.xpc */ = {
			isa = PBXReferenceProxy;
			fileType = "wrapper.xpc-service";
			path = "org.sparkle-project.InstallerConnection.xpc";
			remoteRef = 56AA5A50256567DE00B715E9 /* PBXContainerItemProxy */;
			sourceTree = BUILT_PRODUCTS_DIR;
		};
		56AA5A53256567DE00B715E9 /* org.sparkle-project.InstallerStatus.xpc */ = {
			isa = PBXReferenceProxy;
			fileType = "wrapper.xpc-service";
			path = "org.sparkle-project.InstallerStatus.xpc";
			remoteRef = 56AA5A52256567DE00B715E9 /* PBXContainerItemProxy */;
			sourceTree = BUILT_PRODUCTS_DIR;
		};
		56AA5A55256567DE00B715E9 /* org.sparkle-project.Downloader.xpc */ = {
			isa = PBXReferenceProxy;
			fileType = "wrapper.xpc-service";
			path = "org.sparkle-project.Downloader.xpc";
			remoteRef = 56AA5A54256567DE00B715E9 /* PBXContainerItemProxy */;
			sourceTree = BUILT_PRODUCTS_DIR;
		};
		56AA5A57256567DE00B715E9 /* Sparkle Test App.app */ = {
			isa = PBXReferenceProxy;
			fileType = wrapper.application;
			path = "Sparkle Test App.app";
			remoteRef = 56AA5A56256567DE00B715E9 /* PBXContainerItemProxy */;
			sourceTree = BUILT_PRODUCTS_DIR;
		};
		56AA5A59256567DE00B715E9 /* TestAppHelper.xpc */ = {
			isa = PBXReferenceProxy;
			fileType = "wrapper.xpc-service";
			path = TestAppHelper.xpc;
			remoteRef = 56AA5A58256567DE00B715E9 /* PBXContainerItemProxy */;
			sourceTree = BUILT_PRODUCTS_DIR;
		};
		56AA5A5B256567DE00B715E9 /* Sparkle Unit Tests.xctest */ = {
			isa = PBXReferenceProxy;
			fileType = wrapper.cfbundle;
			path = "Sparkle Unit Tests.xctest";
			remoteRef = 56AA5A5A256567DE00B715E9 /* PBXContainerItemProxy */;
			sourceTree = BUILT_PRODUCTS_DIR;
		};
		56AA5A5D256567DE00B715E9 /* BinaryDelta */ = {
			isa = PBXReferenceProxy;
			fileType = "compiled.mach-o.executable";
			path = BinaryDelta;
			remoteRef = 56AA5A5C256567DE00B715E9 /* PBXContainerItemProxy */;
			sourceTree = BUILT_PRODUCTS_DIR;
		};
		56AA5A5F256567DE00B715E9 /* sparkle.app */ = {
			isa = PBXReferenceProxy;
			fileType = wrapper.application;
			path = sparkle.app;
			remoteRef = 56AA5A5E256567DE00B715E9 /* PBXContainerItemProxy */;
			sourceTree = BUILT_PRODUCTS_DIR;
		};
		56AA5A61256567DE00B715E9 /* Updater.app */ = {
			isa = PBXReferenceProxy;
			fileType = wrapper.application;
			path = Updater.app;
			remoteRef = 56AA5A60256567DE00B715E9 /* PBXContainerItemProxy */;
			sourceTree = BUILT_PRODUCTS_DIR;
		};
		56AA5A63256567DE00B715E9 /* UI Tests.xctest */ = {
			isa = PBXReferenceProxy;
			fileType = wrapper.cfbundle;
			path = "UI Tests.xctest";
			remoteRef = 56AA5A62256567DE00B715E9 /* PBXContainerItemProxy */;
			sourceTree = BUILT_PRODUCTS_DIR;
		};
		56AA5A65256567DE00B715E9 /* generate_appcast */ = {
			isa = PBXReferenceProxy;
			fileType = "compiled.mach-o.executable";
			path = generate_appcast;
			remoteRef = 56AA5A64256567DE00B715E9 /* PBXContainerItemProxy */;
			sourceTree = BUILT_PRODUCTS_DIR;
		};
		56AA5A67256567DE00B715E9 /* generate_keys */ = {
			isa = PBXReferenceProxy;
			fileType = "compiled.mach-o.executable";
			path = generate_keys;
			remoteRef = 56AA5A66256567DE00B715E9 /* PBXContainerItemProxy */;
			sourceTree = BUILT_PRODUCTS_DIR;
		};
		56AA5A69256567DE00B715E9 /* sign_update */ = {
			isa = PBXReferenceProxy;
			fileType = "compiled.mach-o.executable";
			path = sign_update;
			remoteRef = 56AA5A68256567DE00B715E9 /* PBXContainerItemProxy */;
			sourceTree = BUILT_PRODUCTS_DIR;
		};
		56AA5A6B256567DE00B715E9 /* libbsdiff.a */ = {
			isa = PBXReferenceProxy;
			fileType = archive.ar;
			path = libbsdiff.a;
			remoteRef = 56AA5A6A256567DE00B715E9 /* PBXContainerItemProxy */;
			sourceTree = BUILT_PRODUCTS_DIR;
		};
		56AA5A6D256567DE00B715E9 /* libed25519.a */ = {
			isa = PBXReferenceProxy;
			fileType = archive.ar;
			path = libed25519.a;
			remoteRef = 56AA5A6C256567DE00B715E9 /* PBXContainerItemProxy */;
			sourceTree = BUILT_PRODUCTS_DIR;
		};
/* End PBXReferenceProxy section */

/* Begin PBXResourcesBuildPhase section */
		56D6A8CB1C3437AA0071DEF4 /* Resources */ = {
			isa = PBXResourcesBuildPhase;
			buildActionMask = 2147483647;
			files = (
				56DAB3A3224B71BF00FF8847 /* Main.storyboard in Resources */,
				56DAB39A224B63F000FF8847 /* Localizable.strings in Resources */,
				56D6A8D31C3437AA0071DEF4 /* Assets.xcassets in Resources */,
				56B0532A223A3D3D000AB382 /* Acknowledgements.rtf in Resources */,
			);
			runOnlyForDeploymentPostprocessing = 0;
		};
/* End PBXResourcesBuildPhase section */

/* Begin PBXShellScriptBuildPhase section */
		560EECBE2242461000C36162 /* Run Script (SwiftLint) */ = {
			isa = PBXShellScriptBuildPhase;
			buildActionMask = 2147483647;
			files = (
			);
			inputFileListPaths = (
			);
			inputPaths = (
			);
			name = "Run Script (SwiftLint)";
			outputFileListPaths = (
			);
			outputPaths = (
			);
			runOnlyForDeploymentPostprocessing = 0;
			shellPath = /bin/sh;
			shellScript = "if which swiftlint >/dev/null; then\nswiftlint\nelse\necho \"warning: SwiftLint not installed, download from https://github.com/realm/SwiftLint\"\nfi\n";
		};
		56AA5A9025656A2700B715E9 /* Run Script: Code Sign Sparkle */ = {
			isa = PBXShellScriptBuildPhase;
			buildActionMask = 2147483647;
			files = (
			);
			inputFileListPaths = (
			);
			inputPaths = (
			);
			name = "Run Script: Code Sign Sparkle";
			outputFileListPaths = (
			);
			outputPaths = (
			);
			runOnlyForDeploymentPostprocessing = 0;
			shellPath = /bin/sh;
			shellScript = "# Remove unused Sparkle components\nSPARKLE_DIR=\"${CODESIGNING_FOLDER_PATH}/Contents/Frameworks/Sparkle.framework\"\nfind \"${SPARKLE_DIR}\" -name Updater.app -execdir rm -rf {} \\;\nfind \"${SPARKLE_DIR}\" -name Autoupdate -execdir rm -rf {} \\;\n\necho \"${EXPANDED_CODE_SIGN_IDENTITY}\"\n\n# Sign XPC Helpers and their internal binaries\ncodesign --verbose --force -o runtime --preserve-metadata=entitlements --sign \"${EXPANDED_CODE_SIGN_IDENTITY}\" \"${CODESIGNING_FOLDER_PATH}/Contents/XPCServices/org.sparkle-project.InstallerLauncher.xpc/Contents/MacOS/Updater.app\"\ncodesign --verbose --force -o runtime --preserve-metadata=entitlements --sign \"${EXPANDED_CODE_SIGN_IDENTITY}\" \"${CODESIGNING_FOLDER_PATH}/Contents/XPCServices/org.sparkle-project.InstallerLauncher.xpc/Contents/MacOS/Autoupdate\"\ncodesign --verbose --entitlements \"${PROJECT_DIR}/submodules/Sparkle/Downloader/org.sparkle-project.Downloader.entitlements\" --force -o runtime --sign \"${EXPANDED_CODE_SIGN_IDENTITY}\" \"${CODESIGNING_FOLDER_PATH}/Contents/XPCServices/org.sparkle-project.Downloader.xpc\"\ncodesign --verbose --force -o runtime --preserve-metadata=entitlements --sign \"${EXPANDED_CODE_SIGN_IDENTITY}\" \"${CODESIGNING_FOLDER_PATH}/Contents/XPCServices/org.sparkle-project.InstallerLauncher.xpc\"\ncodesign --verbose --force -o runtime --preserve-metadata=entitlements --sign \"${EXPANDED_CODE_SIGN_IDENTITY}\" \"${CODESIGNING_FOLDER_PATH}/Contents/XPCServices/org.sparkle-project.InstallerConnection.xpc\"\ncodesign --verbose --force -o runtime --preserve-metadata=entitlements --sign \"${EXPANDED_CODE_SIGN_IDENTITY}\" \"${CODESIGNING_FOLDER_PATH}/Contents/XPCServices/org.sparkle-project.InstallerStatus.xpc\"\n";
		};
		56B9E1E02146D4C9007914DB /* Run Script (Auto-increase Build Number) */ = {
			isa = PBXShellScriptBuildPhase;
			buildActionMask = 2147483647;
			files = (
			);
			inputFileListPaths = (
			);
			inputPaths = (
			);
			name = "Run Script (Auto-increase Build Number)";
			outputFileListPaths = (
			);
			outputPaths = (
			);
			runOnlyForDeploymentPostprocessing = 0;
			shellPath = /bin/sh;
			shellScript = "buildNumber=$(/usr/libexec/PlistBuddy -c \"Print CFBundleVersion\" \"${PROJECT_DIR}/${INFOPLIST_FILE}\")\nbuildNumber=$(($buildNumber + 1))\n/usr/libexec/PlistBuddy -c \"Set :CFBundleVersion $buildNumber\" \"${PROJECT_DIR}/${INFOPLIST_FILE}\"\n";
		};
/* End PBXShellScriptBuildPhase section */

/* Begin PBXSourcesBuildPhase section */
		56D6A8C91C3437AA0071DEF4 /* Sources */ = {
			isa = PBXSourcesBuildPhase;
			buildActionMask = 2147483647;
			files = (
				561776F1213AB08D003BF843 /* NSFont+Alternates.swift in Sources */,
				562E3ABD224E1E79001AD319 /* MIDIFileBouncer.swift in Sources */,
				569D77F32004F0010028D9C2 /* PWMIDIPlayer.swift in Sources */,
				56FEF1572141181B00813975 /* AboutViewController.swift in Sources */,
				56AA5AAA25659F9200B715E9 /* UpdatePreferenceViewController.swift in Sources */,
				56A0BD7E214005A4006095CE /* DocumentViewController.swift in Sources */,
				56A0BD7C21400569006095CE /* DocumentWindowController.swift in Sources */,
				562E3AB9224E1E65001AD319 /* AVAudioUnitMIDISynth.swift in Sources */,
				56FEF16621411AC000813975 /* Extensions.swift in Sources */,
				56D6A8D11C3437AA0071DEF4 /* AppDelegate.swift in Sources */,
				56FEF15D214119FD00813975 /* HyperlinkTextField.m in Sources */,
				5612BAE821414F3C00AA1882 /* Settings.swift in Sources */,
				56AA5AD02565E33E00B715E9 /* PreferencesTabViewController.swift in Sources */,
				56AA5AA825659F9100B715E9 /* SoundfontPreferenceViewController.swift in Sources */,
				56AA5AA625659F8A00B715E9 /* GeneralPreferenceViewController.swift in Sources */,
				5669F2EB21425B400034D3ED /* NowPlayingCentral.swift in Sources */,
				56654136214045C100283C85 /* MIDIDocument.swift in Sources */,
				56B1E12C21EBA619002CEBB3 /* Levenshtein.swift in Sources */,
			);
			runOnlyForDeploymentPostprocessing = 0;
		};
/* End PBXSourcesBuildPhase section */

/* Begin PBXTargetDependency section */
		56AA5A892565698F00B715E9 /* PBXTargetDependency */ = {
			isa = PBXTargetDependency;
			name = Sparkle;
			targetProxy = 56AA5A882565698F00B715E9 /* PBXContainerItemProxy */;
		};
		56AA5A8B2565698F00B715E9 /* PBXTargetDependency */ = {
			isa = PBXTargetDependency;
			name = SparkleInstallerConnection;
			targetProxy = 56AA5A8A2565698F00B715E9 /* PBXContainerItemProxy */;
		};
		56AA5A8D2565698F00B715E9 /* PBXTargetDependency */ = {
			isa = PBXTargetDependency;
			name = SparkleInstallerLauncher;
			targetProxy = 56AA5A8C2565698F00B715E9 /* PBXContainerItemProxy */;
		};
		56AA5A8F2565698F00B715E9 /* PBXTargetDependency */ = {
			isa = PBXTargetDependency;
			name = SparkleInstallerStatus;
			targetProxy = 56AA5A8E2565698F00B715E9 /* PBXContainerItemProxy */;
		};
/* End PBXTargetDependency section */

/* Begin PBXVariantGroup section */
		56DAB39C224B63F000FF8847 /* Localizable.strings */ = {
			isa = PBXVariantGroup;
			children = (
				56DAB39B224B63F000FF8847 /* en */,
				56DAB39D224B640B00FF8847 /* de */,
			);
			name = Localizable.strings;
			sourceTree = "<group>";
		};
		56DAB3A5224B71BF00FF8847 /* Main.storyboard */ = {
			isa = PBXVariantGroup;
			children = (
				56DAB3A4224B71BF00FF8847 /* Base */,
				56A24C472254CCAD00213A4B /* de */,
			);
			name = Main.storyboard;
			sourceTree = "<group>";
		};
/* End PBXVariantGroup section */

/* Begin XCBuildConfiguration section */
		56D6A8D81C3437AA0071DEF4 /* Debug */ = {
			isa = XCBuildConfiguration;
			buildSettings = {
				ALWAYS_SEARCH_USER_PATHS = NO;
				CLANG_ANALYZER_LOCALIZABILITY_NONLOCALIZED = YES;
				CLANG_CXX_LANGUAGE_STANDARD = "gnu++0x";
				CLANG_CXX_LIBRARY = "libc++";
				CLANG_ENABLE_MODULES = YES;
				CLANG_ENABLE_OBJC_ARC = YES;
				CLANG_WARN_BLOCK_CAPTURE_AUTORELEASING = YES;
				CLANG_WARN_BOOL_CONVERSION = YES;
				CLANG_WARN_COMMA = YES;
				CLANG_WARN_CONSTANT_CONVERSION = YES;
				CLANG_WARN_DEPRECATED_OBJC_IMPLEMENTATIONS = YES;
				CLANG_WARN_DIRECT_OBJC_ISA_USAGE = YES_ERROR;
				CLANG_WARN_EMPTY_BODY = YES;
				CLANG_WARN_ENUM_CONVERSION = YES;
				CLANG_WARN_INFINITE_RECURSION = YES;
				CLANG_WARN_INT_CONVERSION = YES;
				CLANG_WARN_NON_LITERAL_NULL_CONVERSION = YES;
				CLANG_WARN_OBJC_IMPLICIT_RETAIN_SELF = YES;
				CLANG_WARN_OBJC_LITERAL_CONVERSION = YES;
				CLANG_WARN_OBJC_ROOT_CLASS = YES_ERROR;
				CLANG_WARN_QUOTED_INCLUDE_IN_FRAMEWORK_HEADER = YES;
				CLANG_WARN_RANGE_LOOP_ANALYSIS = YES;
				CLANG_WARN_STRICT_PROTOTYPES = YES;
				CLANG_WARN_SUSPICIOUS_MOVE = YES;
				CLANG_WARN_UNREACHABLE_CODE = YES;
				CLANG_WARN__DUPLICATE_METHOD_MATCH = YES;
				COPY_PHASE_STRIP = NO;
				DEBUG_INFORMATION_FORMAT = dwarf;
				ENABLE_STRICT_OBJC_MSGSEND = YES;
				ENABLE_TESTABILITY = YES;
				GCC_C_LANGUAGE_STANDARD = gnu99;
				GCC_DYNAMIC_NO_PIC = NO;
				GCC_NO_COMMON_BLOCKS = YES;
				GCC_OPTIMIZATION_LEVEL = 0;
				GCC_PREPROCESSOR_DEFINITIONS = (
					"DEBUG=1",
					"$(inherited)",
				);
				GCC_WARN_64_TO_32_BIT_CONVERSION = YES;
				GCC_WARN_ABOUT_RETURN_TYPE = YES_ERROR;
				GCC_WARN_UNDECLARED_SELECTOR = YES;
				GCC_WARN_UNINITIALIZED_AUTOS = YES_AGGRESSIVE;
				GCC_WARN_UNUSED_FUNCTION = YES;
				GCC_WARN_UNUSED_VARIABLE = YES;
				MACOSX_DEPLOYMENT_TARGET = 10.15;
				MTL_ENABLE_DEBUG_INFO = YES;
				ONLY_ACTIVE_ARCH = YES;
				SDKROOT = macosx;
				SWIFT_OPTIMIZATION_LEVEL = "-Onone";
				SWIFT_VERSION = 5.0;
			};
			name = Debug;
		};
		56D6A8D91C3437AA0071DEF4 /* Release */ = {
			isa = XCBuildConfiguration;
			buildSettings = {
				ALWAYS_SEARCH_USER_PATHS = NO;
				CLANG_ANALYZER_LOCALIZABILITY_NONLOCALIZED = YES;
				CLANG_CXX_LANGUAGE_STANDARD = "gnu++0x";
				CLANG_CXX_LIBRARY = "libc++";
				CLANG_ENABLE_MODULES = YES;
				CLANG_ENABLE_OBJC_ARC = YES;
				CLANG_WARN_BLOCK_CAPTURE_AUTORELEASING = YES;
				CLANG_WARN_BOOL_CONVERSION = YES;
				CLANG_WARN_COMMA = YES;
				CLANG_WARN_CONSTANT_CONVERSION = YES;
				CLANG_WARN_DEPRECATED_OBJC_IMPLEMENTATIONS = YES;
				CLANG_WARN_DIRECT_OBJC_ISA_USAGE = YES_ERROR;
				CLANG_WARN_EMPTY_BODY = YES;
				CLANG_WARN_ENUM_CONVERSION = YES;
				CLANG_WARN_INFINITE_RECURSION = YES;
				CLANG_WARN_INT_CONVERSION = YES;
				CLANG_WARN_NON_LITERAL_NULL_CONVERSION = YES;
				CLANG_WARN_OBJC_IMPLICIT_RETAIN_SELF = YES;
				CLANG_WARN_OBJC_LITERAL_CONVERSION = YES;
				CLANG_WARN_OBJC_ROOT_CLASS = YES_ERROR;
				CLANG_WARN_QUOTED_INCLUDE_IN_FRAMEWORK_HEADER = YES;
				CLANG_WARN_RANGE_LOOP_ANALYSIS = YES;
				CLANG_WARN_STRICT_PROTOTYPES = YES;
				CLANG_WARN_SUSPICIOUS_MOVE = YES;
				CLANG_WARN_UNREACHABLE_CODE = YES;
				CLANG_WARN__DUPLICATE_METHOD_MATCH = YES;
				COPY_PHASE_STRIP = NO;
				DEBUG_INFORMATION_FORMAT = "dwarf-with-dsym";
				ENABLE_NS_ASSERTIONS = NO;
				ENABLE_STRICT_OBJC_MSGSEND = YES;
				GCC_C_LANGUAGE_STANDARD = gnu99;
				GCC_NO_COMMON_BLOCKS = YES;
				GCC_WARN_64_TO_32_BIT_CONVERSION = YES;
				GCC_WARN_ABOUT_RETURN_TYPE = YES_ERROR;
				GCC_WARN_UNDECLARED_SELECTOR = YES;
				GCC_WARN_UNINITIALIZED_AUTOS = YES_AGGRESSIVE;
				GCC_WARN_UNUSED_FUNCTION = YES;
				GCC_WARN_UNUSED_VARIABLE = YES;
				MACOSX_DEPLOYMENT_TARGET = 10.15;
				MTL_ENABLE_DEBUG_INFO = NO;
				SDKROOT = macosx;
				SWIFT_COMPILATION_MODE = wholemodule;
				SWIFT_OPTIMIZATION_LEVEL = "-O";
				SWIFT_VERSION = 5.0;
			};
			name = Release;
		};
		56D6A8DB1C3437AA0071DEF4 /* Debug */ = {
			isa = XCBuildConfiguration;
			buildSettings = {
				ALWAYS_EMBED_SWIFT_STANDARD_LIBRARIES = YES;
				APPICON_SUFFIX = "";
				APPNAME_SUFFIX = "";
				ASSETCATALOG_COMPILER_APPICON_NAME = "AppIcon${APPICON_SUFFIX}";
				ASSETCATALOG_COMPILER_OPTIMIZATION = space;
				BUNDLE_ID_SUFFIX = "";
				CLANG_ENABLE_MODULES = YES;
				CODE_SIGN_ENTITLEMENTS = MinimalMIDIPlayer/MinimalMIDIPlayer.entitlements;
				CODE_SIGN_IDENTITY = "Mac Developer";
				CODE_SIGN_STYLE = Automatic;
				COMBINE_HIDPI_IMAGES = YES;
				DEVELOPMENT_TEAM = 4254J4CMHQ;
				ENABLE_HARDENED_RUNTIME = YES;
				FRAMEWORK_SEARCH_PATHS = "$(inherited)";
				INFOPLIST_FILE = MinimalMIDIPlayer/Info.plist;
				LD_RUNPATH_SEARCH_PATHS = (
					"$(inherited)",
					"@executable_path/../Frameworks",
				);
				MARKETING_VERSION = 1.12;
				PRODUCT_BUNDLE_IDENTIFIER = com.peterwunder.MinimalMIDIPlayer;
				PRODUCT_NAME = "$(TARGET_NAME)";
				PROVISIONING_PROFILE_SPECIFIER = "";
				SWIFT_OBJC_BRIDGING_HEADER = "MinimalMIDIPlayer/HyperlinkTextField/MinimalMIDIPlayer-Bridging-Header.h";
				SWIFT_OPTIMIZATION_LEVEL = "-Onone";
				SWIFT_VERSION = 5.0;
			};
			name = Debug;
		};
		56D6A8DC1C3437AA0071DEF4 /* Release */ = {
			isa = XCBuildConfiguration;
			buildSettings = {
				ALWAYS_EMBED_SWIFT_STANDARD_LIBRARIES = YES;
				APPICON_SUFFIX = "";
				APPNAME_SUFFIX = "";
				ASSETCATALOG_COMPILER_APPICON_NAME = "AppIcon${APPICON_SUFFIX}";
				ASSETCATALOG_COMPILER_OPTIMIZATION = space;
				BUNDLE_ID_SUFFIX = "";
				CLANG_ENABLE_MODULES = YES;
				CODE_SIGN_ENTITLEMENTS = MinimalMIDIPlayer/MinimalMIDIPlayer.entitlements;
				CODE_SIGN_IDENTITY = "Mac Developer";
				CODE_SIGN_STYLE = Automatic;
				COMBINE_HIDPI_IMAGES = YES;
				DEVELOPMENT_TEAM = 4254J4CMHQ;
				ENABLE_HARDENED_RUNTIME = YES;
				FRAMEWORK_SEARCH_PATHS = "$(inherited)";
				INFOPLIST_FILE = MinimalMIDIPlayer/Info.plist;
				LD_RUNPATH_SEARCH_PATHS = (
					"$(inherited)",
					"@executable_path/../Frameworks",
				);
				MARKETING_VERSION = 1.12;
				PRODUCT_BUNDLE_IDENTIFIER = "com.peterwunder.MinimalMIDIPlayer$(BUNDLE_ID_SUFFIX)";
				PRODUCT_NAME = "$(TARGET_NAME)";
				PROVISIONING_PROFILE_SPECIFIER = "";
				SWIFT_OBJC_BRIDGING_HEADER = "MinimalMIDIPlayer/HyperlinkTextField/MinimalMIDIPlayer-Bridging-Header.h";
				SWIFT_VERSION = 5.0;
			};
			name = Release;
		};
/* End XCBuildConfiguration section */

/* Begin XCConfigurationList section */
		56D6A8C81C3437AA0071DEF4 /* Build configuration list for PBXProject "MinimalMIDIPlayer" */ = {
			isa = XCConfigurationList;
			buildConfigurations = (
				56D6A8D81C3437AA0071DEF4 /* Debug */,
				56D6A8D91C3437AA0071DEF4 /* Release */,
			);
			defaultConfigurationIsVisible = 0;
			defaultConfigurationName = Release;
		};
		56D6A8DA1C3437AA0071DEF4 /* Build configuration list for PBXNativeTarget "MinimalMIDIPlayer" */ = {
			isa = XCConfigurationList;
			buildConfigurations = (
				56D6A8DB1C3437AA0071DEF4 /* Debug */,
				56D6A8DC1C3437AA0071DEF4 /* Release */,
			);
			defaultConfigurationIsVisible = 0;
			defaultConfigurationName = Release;
		};
/* End XCConfigurationList section */
	};
	rootObject = 56D6A8C51C3437AA0071DEF4 /* Project object */;
}
